
Microsoft Visual Studio Solution File, Format Version 12.00
# Visual Studio Version 17
VisualStudioVersion = 17.10.35027.167
MinimumVisualStudioVersion = 10.0.40219.1
Project("{2150E333-8FDC-42A3-9474-1A3956D46DE8}") = "Solution Items", "Solution Items", "{162E3665-BC4E-43B6-B21E-2AB584A2F070}"
	ProjectSection(SolutionItems) = preProject
		how_to_build.txt = how_to_build.txt
		todo.txt = todo.txt
		_navo_common_.targets = _navo_common_.targets
	EndProjectSection
EndProject
Project("{8BC9CEB8-8B4A-11D0-8D11-00A0C91BC942}") = "navocore2008", "navocore2008\navocore2008.vcxproj", "{F04757E8-BC2E-475D-8408-2573A13D8341}"
EndProject
Project("{8BC9CEB8-8B4A-11D0-8D11-00A0C91BC942}") = "navopx2008", "navopx2008\navopx2008.vcxproj", "{821B8663-7623-4042-B477-6E0AEE12984D}"
EndProject
Project("{8BC9CEB8-8B4A-11D0-8D11-00A0C91BC942}") = "zlib2008", "zlib2008\zlib2008.vcxproj", "{DA1A4DE7-69B2-4DD0-BE46-FF2899063205}"
EndProject
Project("{8BC9CEB8-8B4A-11D0-8D11-00A0C91BC942}") = "navoscript2008", "navoscript2008\navoscript2008.vcxproj", "{CFFC8EDB-1371-4C3A-B0E3-58E1D4C51171}"
EndProject
Project("{8BC9CEB8-8B4A-11D0-8D11-00A0C91BC942}") = "navodef2008", "navodef2008\navodef2008.vcxproj", "{5FA71207-F66A-4B18-8A0B-DA54D0C94330}"
EndProject
Project("{8BC9CEB8-8B4A-11D0-8D11-00A0C91BC942}") = "navoprep2008", "navoprep2008\navoprep2008.vcxproj", "{E5F0A69A-07AE-4697-9E5B-282B525918E4}"
EndProject
Project("{8BC9CEB8-8B4A-11D0-8D11-00A0C91BC942}") = "navogal2008", "navogal2008\navogal2008.vcxproj", "{B155C3E1-44AB-484A-B751-11C60032D92B}"
EndProject
Project("{8BC9CEB8-8B4A-11D0-8D11-00A0C91BC942}") = "navocomutil2008", "navocomutil2008\navocomutil2008.vcxproj", "{4869BC36-4A15-467C-A47A-7B564D0923D2}"
EndProject
Project("{8BC9CEB8-8B4A-11D0-8D11-00A0C91BC942}") = "navodb2008", "navodb2008\navodb2008.vcxproj", "{5FD26D5A-48F3-42FD-B9AD-0C8EDF5248A9}"
EndProject
Project("{8BC9CEB8-8B4A-11D0-8D11-00A0C91BC942}") = "navobrman2008", "navobrman2008\navobrman2008.vcxproj", "{363E2258-899C-4409-BADB-739C67928B14}"
EndProject
Project("{8BC9CEB8-8B4A-11D0-8D11-00A0C91BC942}") = "navoexpimp2008", "navoexpimp2008\navoexpimp2008.vcxproj", "{885FA35A-A3A4-4790-8BB0-2197E7996013}"
EndProject
Project("{8BC9CEB8-8B4A-11D0-8D11-00A0C91BC942}") = "appdb2008", "appdb2008\appdb2008.vcxproj", "{B7EDC960-2FF1-4AFD-8C7A-0C632A0ADBE4}"
EndProject
Project("{8BC9CEB8-8B4A-11D0-8D11-00A0C91BC942}") = "navoobj2008", "navoobj2008\navoobj2008.vcxproj", "{838B8E92-5FF3-4420-9E17-1B0AC63353C4}"
EndProject
Project("{8BC9CEB8-8B4A-11D0-8D11-00A0C91BC942}") = "navoui2008", "navoui2008\navoui2008.vcxproj", "{E04064BE-EDE2-4741-8635-FFF4B82D7A5C}"
EndProject
Project("{8BC9CEB8-8B4A-11D0-8D11-00A0C91BC942}") = "navoprsr2008", "navoprsr2008\navoprsr2008.vcxproj", "{2E98D7DE-D91E-496D-A900-8A55BB292662}"
EndProject
Project("{8BC9CEB8-8B4A-11D0-8D11-00A0C91BC942}") = "navocache2008", "navocache2008\navocache2008.vcxproj", "{01E66147-F600-448C-A13A-55263E026ED4}"
EndProject
Project("{8BC9CEB8-8B4A-11D0-8D11-00A0C91BC942}") = "navoserver2008", "navoserver2008\navoserver2008.vcxproj", "{690997BC-E20F-4C3C-94BA-EA41FD533309}"
EndProject
Project("{8BC9CEB8-8B4A-11D0-8D11-00A0C91BC942}") = "navo2008", "navo2008\navo2008.vcxproj", "{0717C3A9-32F2-4849-BBD4-F509A583DBAE}"
	ProjectSection(ProjectDependencies) = postProject
		{93C21C01-8F90-470D-B9E3-5CE136EE03F8} = {93C21C01-8F90-470D-B9E3-5CE136EE03F8}
		{5FA71207-F66A-4B18-8A0B-DA54D0C94330} = {5FA71207-F66A-4B18-8A0B-DA54D0C94330}
		{6BDFF20E-128B-45BE-BD63-847FBB53F7AE} = {6BDFF20E-128B-45BE-BD63-847FBB53F7AE}
		{00E48516-965D-4E4B-9A77-BA0D41277F21} = {00E48516-965D-4E4B-9A77-BA0D41277F21}
		{36C63719-EBB7-4D02-8221-CF90397C0095} = {36C63719-EBB7-4D02-8221-CF90397C0095}
		{71701636-7807-4838-8F94-CD1D7232E09C} = {71701636-7807-4838-8F94-CD1D7232E09C}
		{4869BC36-4A15-467C-A47A-7B564D0923D2} = {4869BC36-4A15-467C-A47A-7B564D0923D2}
		{D2EADA36-BC9E-46E7-9203-7F54F95D8781} = {D2EADA36-BC9E-46E7-9203-7F54F95D8781}
		{24F6CD3F-F7C9-449D-88CC-B83E8ECD97D9} = {24F6CD3F-F7C9-449D-88CC-B83E8ECD97D9}
		{01E66147-F600-448C-A13A-55263E026ED4} = {01E66147-F600-448C-A13A-55263E026ED4}
		{363E2258-899C-4409-BADB-739C67928B14} = {363E2258-899C-4409-BADB-739C67928B14}
		{5FD26D5A-48F3-42FD-B9AD-0C8EDF5248A9} = {5FD26D5A-48F3-42FD-B9AD-0C8EDF5248A9}
		{885FA35A-A3A4-4790-8BB0-2197E7996013} = {885FA35A-A3A4-4790-8BB0-2197E7996013}
		{01C3645F-23AE-451C-83FD-DE6359442FDC} = {01C3645F-23AE-451C-83FD-DE6359442FDC}
		{B7EDC960-2FF1-4AFD-8C7A-0C632A0ADBE4} = {B7EDC960-2FF1-4AFD-8C7A-0C632A0ADBE4}
		{821B8663-7623-4042-B477-6E0AEE12984D} = {821B8663-7623-4042-B477-6E0AEE12984D}
		{172FD569-24F2-4F9B-B8EA-95789F36D8AB} = {172FD569-24F2-4F9B-B8EA-95789F36D8AB}
		{87CF4276-426F-4CD4-9677-78F8D5149CFB} = {87CF4276-426F-4CD4-9677-78F8D5149CFB}
		{5796FC77-34B7-43FB-A6BB-85D42095D4B1} = {5796FC77-34B7-43FB-A6BB-85D42095D4B1}
		{38125181-7041-41F9-A849-702B392D83F5} = {38125181-7041-41F9-A849-702B392D83F5}
		{2586938E-7773-4B01-8CD8-E81FEDB86AAF} = {2586938E-7773-4B01-8CD8-E81FEDB86AAF}
		{838B8E92-5FF3-4420-9E17-1B0AC63353C4} = {838B8E92-5FF3-4420-9E17-1B0AC63353C4}
		{E5F0A69A-07AE-4697-9E5B-282B525918E4} = {E5F0A69A-07AE-4697-9E5B-282B525918E4}
		{690997BC-E20F-4C3C-94BA-EA41FD533309} = {690997BC-E20F-4C3C-94BA-EA41FD533309}
		{E04064BE-EDE2-4741-8635-FFF4B82D7A5C} = {E04064BE-EDE2-4741-8635-FFF4B82D7A5C}
		{FBD378C8-D1BA-4164-BA92-C10A410DB7A6} = {FBD378C8-D1BA-4164-BA92-C10A410DB7A6}
		{223CA5C9-5E78-4D4F-9526-7D3DB42D9F5F} = {223CA5C9-5E78-4D4F-9526-7D3DB42D9F5F}
		{03CDFBCC-BF37-443D-ABFF-28FD81B82FF3} = {03CDFBCC-BF37-443D-ABFF-28FD81B82FF3}
		{CFFC8EDB-1371-4C3A-B0E3-58E1D4C51171} = {CFFC8EDB-1371-4C3A-B0E3-58E1D4C51171}
		{2E98D7DE-D91E-496D-A900-8A55BB292662} = {2E98D7DE-D91E-496D-A900-8A55BB292662}
		{B155C3E1-44AB-484A-B751-11C60032D92B} = {B155C3E1-44AB-484A-B751-11C60032D92B}
		{DA1A4DE7-69B2-4DD0-BE46-FF2899063205} = {DA1A4DE7-69B2-4DD0-BE46-FF2899063205}
		{F04757E8-BC2E-475D-8408-2573A13D8341} = {F04757E8-BC2E-475D-8408-2573A13D8341}
		{180383EC-4CDE-447A-9BB2-D82499001CB5} = {180383EC-4CDE-447A-9BB2-D82499001CB5}
	EndProjectSection
EndProject
Project("{8BC9CEB8-8B4A-11D0-8D11-00A0C91BC942}") = "pageman2008", "pageman2008\pageman2008.vcxproj", "{D2EADA36-BC9E-46E7-9203-7F54F95D8781}"
EndProject
Project("{8BC9CEB8-8B4A-11D0-8D11-00A0C91BC942}") = "navoperif2008", "navoperif2008\navoperif2008.vcxproj", "{01C3645F-23AE-451C-83FD-DE6359442FDC}"
EndProject
Project("{8BC9CEB8-8B4A-11D0-8D11-00A0C91BC942}") = "navoinet2008", "navoinet2008\navoinet2008.vcxproj", "{5796FC77-34B7-43FB-A6BB-85D42095D4B1}"
EndProject
Project("{8BC9CEB8-8B4A-11D0-8D11-00A0C91BC942}") = "navoservice2008", "navoservice2008\navoservice2008.vcxproj", "{93C21C01-8F90-470D-B9E3-5CE136EE03F8}"
EndProject
Project("{8BC9CEB8-8B4A-11D0-8D11-00A0C91BC942}") = "navogmsvr2008", "navogmsvr2008\navogmsvr2008.vcxproj", "{180383EC-4CDE-447A-9BB2-D82499001CB5}"
EndProject
Project("{9A19103F-16F7-4668-BE54-9A1E7A4F7556}") = "nxappcore2008", "..\nx\nxappcore\nxappcore2008.csproj", "{38125181-7041-41F9-A849-702B392D83F5}"
EndProject
Project("{9A19103F-16F7-4668-BE54-9A1E7A4F7556}") = "nxbusiness2008", "..\nx\nxbusiness2008\nxbusiness2008.csproj", "{03CDFBCC-BF37-443D-ABFF-28FD81B82FF3}"
EndProject
Project("{9A19103F-16F7-4668-BE54-9A1E7A4F7556}") = "nxapprepos2008", "..\nx\nxapprepos2008\nxapprepos2008.csproj", "{FBD378C8-D1BA-4164-BA92-C10A410DB7A6}"
EndProject
Project("{778DAE3C-4631-46EA-AA77-85C1314464D9}") = "nx2ne2008", "..\nx\nx2ne2008\nx2ne2008.vbproj", "{223CA5C9-5E78-4D4F-9526-7D3DB42D9F5F}"
EndProject
Project("{9A19103F-16F7-4668-BE54-9A1E7A4F7556}") = "nxdevices2008", "..\nx\nxdevices\nxdevices2008.csproj", "{6BDFF20E-128B-45BE-BD63-847FBB53F7AE}"
EndProject
Project("{9A19103F-16F7-4668-BE54-9A1E7A4F7556}") = "nxuibuilder2008", "..\nx\nxuibuilder2008\nxuibuilder2008.csproj", "{87CF4276-426F-4CD4-9677-78F8D5149CFB}"
EndProject
Project("{9A19103F-16F7-4668-BE54-9A1E7A4F7556}") = "nxraport2008", "..\nx\nxraport2008\nxraport2008.csproj", "{2586938E-7773-4B01-8CD8-E81FEDB86AAF}"
EndProject
Project("{778DAE3C-4631-46EA-AA77-85C1314464D9}") = "nxrapexec2008", "..\nx\nxrapexec2008\nxrapexec2008.vbproj", "{172FD569-24F2-4F9B-B8EA-95789F36D8AB}"
EndProject
Project("{9A19103F-16F7-4668-BE54-9A1E7A4F7556}") = "nxhub2008", "..\nx\nxhub2008\nxhub2008.csproj", "{00E48516-965D-4E4B-9A77-BA0D41277F21}"
EndProject
Project("{9A19103F-16F7-4668-BE54-9A1E7A4F7556}") = "eb5util2008", "..\nx\eb5util2008\eb5util2008.csproj", "{36C63719-EBB7-4D02-8221-CF90397C0095}"
EndProject
Project("{FAE04EC0-301F-11D3-BF4B-00C04F79EFBC}") = "nxmantool2008", "..\nx\nxmantool2008\nxmantool2008.csproj", "{71701636-7807-4838-8F94-CD1D7232E09C}"
EndProject
Project("{8BC9CEB8-8B4A-11D0-8D11-00A0C91BC942}") = "navobrmctrl2008", "..\navobrmctrl\navobrmctrl2008.vcxproj", "{24F6CD3F-F7C9-449D-88CC-B83E8ECD97D9}"
	ProjectSection(ProjectDependencies) = postProject
		{821B8663-7623-4042-B477-6E0AEE12984D} = {821B8663-7623-4042-B477-6E0AEE12984D}
		{F04757E8-BC2E-475D-8408-2573A13D8341} = {F04757E8-BC2E-475D-8408-2573A13D8341}
	EndProjectSection
EndProject
Project("{9A19103F-16F7-4668-BE54-9A1E7A4F7556}") = "navo", "navo\navo.csproj", "{114945EB-C8B1-4B1A-9249-F0750545BA3E}"
EndProject
Project("{9A19103F-16F7-4668-BE54-9A1E7A4F7556}") = "nxm.setup", "..\..\..\nxm.3\code\setup\nxm.setup\nxm.setup.csproj", "{EBBB8EC6-CD2D-4B37-847E-E52993319A6D}"
EndProject
Project("{2150E333-8FDC-42A3-9474-1A3956D46DE8}") = "nxm.framework", "nxm.framework", "{43C32899-DA0C-45A9-BB50-5CE682425166}"
EndProject
Project("{9A19103F-16F7-4668-BE54-9A1E7A4F7556}") = "nxm.system.core", "..\..\..\nxm.3\code\system\nxm.system.core\nxm.system.core.csproj", "{D594DB24-697B-4DA5-B6DB-B2F0BDDF4473}"
EndProject
Project("{9A19103F-16F7-4668-BE54-9A1E7A4F7556}") = "nxm.ebext.features", "..\..\..\nxm.3\appmod\nxm.ebext\nxm.ebext.features\nxm.ebext.features.csproj", "{BB0DD9D9-C910-440E-8E5F-9E7D0947E6FE}"
EndProject
Project("{9A19103F-16F7-4668-BE54-9A1E7A4F7556}") = "nxm.ebnet.mod", "..\..\..\nxm.3\appmod\nxm.ebnet\nxm.ebnet.mod\nxm.ebnet.mod.csproj", "{61BC0E7C-818F-448D-A6E3-BA7D533F9035}"
EndProject
Project("{2150E333-8FDC-42A3-9474-1A3956D46DE8}") = "engine", "engine", "{5E6C5EEF-2810-4D7F-8E25-4D0A8CDE3985}"
EndProject
Project("{2150E333-8FDC-42A3-9474-1A3956D46DE8}") = "native", "native", "{325E8E37-E593-47C0-8FB0-0A416AB7EFFD}"
EndProject
Project("{2150E333-8FDC-42A3-9474-1A3956D46DE8}") = "dot_net", "dot_net", "{96AC28BB-0331-436F-B13C-BD8D0B359BD4}"
EndProject
Project("{2150E333-8FDC-42A3-9474-1A3956D46DE8}") = "cocoon", "cocoon", "{773C86F0-7AA2-48A4-B073-A3CD9F0F51D2}"
	ProjectSection(SolutionItems) = preProject
		..\..\navo.cocoon\nuget.package\build_nuget_package.bat = ..\..\navo.cocoon\nuget.package\build_nuget_package.bat
		..\..\navo.cocoon\nuget.package\navo.cocoon.nuspec = ..\..\navo.cocoon\nuget.package\navo.cocoon.nuspec
	EndProjectSection
EndProject
Project("{9A19103F-16F7-4668-BE54-9A1E7A4F7556}") = "navo.cocoon.features", "..\..\navo.cocoon\navo.cocoon.features\navo.cocoon.features.csproj", "{7942F2C7-F592-4CF6-9F7B-D60808AAF7A0}"
EndProject
Project("{778DAE3C-4631-46EA-AA77-85C1314464D9}") = "navo.cocoon.ebwrap", "..\..\navo.cocoon\navo.cocoon.ebwrap\navo.cocoon.ebwrap.vbproj", "{5A8EAACF-D978-4369-BE39-8D96E5E1E797}"
EndProject
Project("{9A19103F-16F7-4668-BE54-9A1E7A4F7556}") = "navo.cocoon.data", "..\..\navo.cocoon\navo.cocoon.data\navo.cocoon.data.csproj", "{06E5E1B2-C25F-40DA-B089-2D977A864D97}"
EndProject
Project("{9A19103F-16F7-4668-BE54-9A1E7A4F7556}") = "navo.cocoon", "..\..\navo.cocoon\navo.cocoon\navo.cocoon.csproj", "{C445BD96-64A5-49A7-8AA9-FB062713BB85}"
EndProject
Project("{2150E333-8FDC-42A3-9474-1A3956D46DE8}") = "server", "server", "{B8872956-1C4D-4889-8FCA-66998A1254FA}"
EndProject
Global
	GlobalSection(SolutionConfigurationPlatforms) = preSolution
		Debug|Any CPU = Debug|Any CPU
		Debug|Mixed Platforms = Debug|Mixed Platforms
		Debug|Win32 = Debug|Win32
		Debug|x64 = Debug|x64
		Debug|x86 = Debug|x86
		Release|Any CPU = Release|Any CPU
		Release|Mixed Platforms = Release|Mixed Platforms
		Release|Win32 = Release|Win32
		Release|x64 = Release|x64
		Release|x86 = Release|x86
	EndGlobalSection
	GlobalSection(ProjectConfigurationPlatforms) = postSolution
		{F04757E8-BC2E-475D-8408-2573A13D8341}.Debug|Any CPU.ActiveCfg = Debug|Win32
		{F04757E8-BC2E-475D-8408-2573A13D8341}.Debug|Any CPU.Build.0 = Debug|Win32
		{F04757E8-BC2E-475D-8408-2573A13D8341}.Debug|Mixed Platforms.ActiveCfg = Debug|Win32
		{F04757E8-BC2E-475D-8408-2573A13D8341}.Debug|Mixed Platforms.Build.0 = Debug|Win32
		{F04757E8-BC2E-475D-8408-2573A13D8341}.Debug|Win32.ActiveCfg = Debug|Win32
		{F04757E8-BC2E-475D-8408-2573A13D8341}.Debug|Win32.Build.0 = Debug|Win32
		{F04757E8-BC2E-475D-8408-2573A13D8341}.Debug|x64.ActiveCfg = Debug|x64
		{F04757E8-BC2E-475D-8408-2573A13D8341}.Debug|x64.Build.0 = Debug|x64
		{F04757E8-BC2E-475D-8408-2573A13D8341}.Debug|x86.ActiveCfg = Debug|Win32
		{F04757E8-BC2E-475D-8408-2573A13D8341}.Debug|x86.Build.0 = Debug|Win32
		{F04757E8-BC2E-475D-8408-2573A13D8341}.Release|Any CPU.ActiveCfg = Release|Win32
		{F04757E8-BC2E-475D-8408-2573A13D8341}.Release|Any CPU.Build.0 = Release|Win32
		{F04757E8-BC2E-475D-8408-2573A13D8341}.Release|Mixed Platforms.ActiveCfg = Release|Win32
		{F04757E8-BC2E-475D-8408-2573A13D8341}.Release|Mixed Platforms.Build.0 = Release|Win32
		{F04757E8-BC2E-475D-8408-2573A13D8341}.Release|Win32.ActiveCfg = Release|Win32
		{F04757E8-BC2E-475D-8408-2573A13D8341}.Release|Win32.Build.0 = Release|Win32
		{F04757E8-BC2E-475D-8408-2573A13D8341}.Release|x64.ActiveCfg = Release|Win32
		{F04757E8-BC2E-475D-8408-2573A13D8341}.Release|x64.Build.0 = Release|Win32
		{F04757E8-BC2E-475D-8408-2573A13D8341}.Release|x86.ActiveCfg = Release|Win32
		{F04757E8-BC2E-475D-8408-2573A13D8341}.Release|x86.Build.0 = Release|Win32
		{821B8663-7623-4042-B477-6E0AEE12984D}.Debug|Any CPU.ActiveCfg = Debug|Win32
		{821B8663-7623-4042-B477-6E0AEE12984D}.Debug|Any CPU.Build.0 = Debug|Win32
		{821B8663-7623-4042-B477-6E0AEE12984D}.Debug|Mixed Platforms.ActiveCfg = Debug|Win32
		{821B8663-7623-4042-B477-6E0AEE12984D}.Debug|Mixed Platforms.Build.0 = Debug|Win32
		{821B8663-7623-4042-B477-6E0AEE12984D}.Debug|Win32.ActiveCfg = Debug|Win32
		{821B8663-7623-4042-B477-6E0AEE12984D}.Debug|Win32.Build.0 = Debug|Win32
		{821B8663-7623-4042-B477-6E0AEE12984D}.Debug|x64.ActiveCfg = Debug|x64
		{821B8663-7623-4042-B477-6E0AEE12984D}.Debug|x64.Build.0 = Debug|x64
		{821B8663-7623-4042-B477-6E0AEE12984D}.Debug|x86.ActiveCfg = Debug|Win32
		{821B8663-7623-4042-B477-6E0AEE12984D}.Debug|x86.Build.0 = Debug|Win32
		{821B8663-7623-4042-B477-6E0AEE12984D}.Release|Any CPU.ActiveCfg = Release|Win32
		{821B8663-7623-4042-B477-6E0AEE12984D}.Release|Any CPU.Build.0 = Release|Win32
		{821B8663-7623-4042-B477-6E0AEE12984D}.Release|Mixed Platforms.ActiveCfg = Release|Win32
		{821B8663-7623-4042-B477-6E0AEE12984D}.Release|Mixed Platforms.Build.0 = Release|Win32
		{821B8663-7623-4042-B477-6E0AEE12984D}.Release|Win32.ActiveCfg = Release|Win32
		{821B8663-7623-4042-B477-6E0AEE12984D}.Release|Win32.Build.0 = Release|Win32
		{821B8663-7623-4042-B477-6E0AEE12984D}.Release|x64.ActiveCfg = Release|Win32
		{821B8663-7623-4042-B477-6E0AEE12984D}.Release|x64.Build.0 = Release|Win32
		{821B8663-7623-4042-B477-6E0AEE12984D}.Release|x86.ActiveCfg = Release|Win32
		{821B8663-7623-4042-B477-6E0AEE12984D}.Release|x86.Build.0 = Release|Win32
		{DA1A4DE7-69B2-4DD0-BE46-FF2899063205}.Debug|Any CPU.ActiveCfg = Debug|Win32
		{DA1A4DE7-69B2-4DD0-BE46-FF2899063205}.Debug|Any CPU.Build.0 = Debug|Win32
		{DA1A4DE7-69B2-4DD0-BE46-FF2899063205}.Debug|Mixed Platforms.ActiveCfg = Debug|Win32
		{DA1A4DE7-69B2-4DD0-BE46-FF2899063205}.Debug|Mixed Platforms.Build.0 = Debug|Win32
		{DA1A4DE7-69B2-4DD0-BE46-FF2899063205}.Debug|Win32.ActiveCfg = Debug|Win32
		{DA1A4DE7-69B2-4DD0-BE46-FF2899063205}.Debug|Win32.Build.0 = Debug|Win32
		{DA1A4DE7-69B2-4DD0-BE46-FF2899063205}.Debug|x64.ActiveCfg = Debug|x64
		{DA1A4DE7-69B2-4DD0-BE46-FF2899063205}.Debug|x64.Build.0 = Debug|x64
		{DA1A4DE7-69B2-4DD0-BE46-FF2899063205}.Debug|x86.ActiveCfg = Debug|Win32
		{DA1A4DE7-69B2-4DD0-BE46-FF2899063205}.Debug|x86.Build.0 = Debug|Win32
		{DA1A4DE7-69B2-4DD0-BE46-FF2899063205}.Release|Any CPU.ActiveCfg = Release|Win32
		{DA1A4DE7-69B2-4DD0-BE46-FF2899063205}.Release|Any CPU.Build.0 = Release|Win32
		{DA1A4DE7-69B2-4DD0-BE46-FF2899063205}.Release|Mixed Platforms.ActiveCfg = Release|Win32
		{DA1A4DE7-69B2-4DD0-BE46-FF2899063205}.Release|Mixed Platforms.Build.0 = Release|Win32
		{DA1A4DE7-69B2-4DD0-BE46-FF2899063205}.Release|Win32.ActiveCfg = Release|Win32
		{DA1A4DE7-69B2-4DD0-BE46-FF2899063205}.Release|Win32.Build.0 = Release|Win32
		{DA1A4DE7-69B2-4DD0-BE46-FF2899063205}.Release|x64.ActiveCfg = Release|Win32
		{DA1A4DE7-69B2-4DD0-BE46-FF2899063205}.Release|x64.Build.0 = Release|Win32
		{DA1A4DE7-69B2-4DD0-BE46-FF2899063205}.Release|x86.ActiveCfg = Release|Win32
		{DA1A4DE7-69B2-4DD0-BE46-FF2899063205}.Release|x86.Build.0 = Release|Win32
		{CFFC8EDB-1371-4C3A-B0E3-58E1D4C51171}.Debug|Any CPU.ActiveCfg = Debug|Win32
		{CFFC8EDB-1371-4C3A-B0E3-58E1D4C51171}.Debug|Any CPU.Build.0 = Debug|Win32
		{CFFC8EDB-1371-4C3A-B0E3-58E1D4C51171}.Debug|Mixed Platforms.ActiveCfg = Debug|Win32
		{CFFC8EDB-1371-4C3A-B0E3-58E1D4C51171}.Debug|Mixed Platforms.Build.0 = Debug|Win32
		{CFFC8EDB-1371-4C3A-B0E3-58E1D4C51171}.Debug|Win32.ActiveCfg = Debug|Win32
		{CFFC8EDB-1371-4C3A-B0E3-58E1D4C51171}.Debug|Win32.Build.0 = Debug|Win32
		{CFFC8EDB-1371-4C3A-B0E3-58E1D4C51171}.Debug|x64.ActiveCfg = Debug|x64
		{CFFC8EDB-1371-4C3A-B0E3-58E1D4C51171}.Debug|x64.Build.0 = Debug|x64
		{CFFC8EDB-1371-4C3A-B0E3-58E1D4C51171}.Debug|x86.ActiveCfg = Debug|Win32
		{CFFC8EDB-1371-4C3A-B0E3-58E1D4C51171}.Debug|x86.Build.0 = Debug|Win32
		{CFFC8EDB-1371-4C3A-B0E3-58E1D4C51171}.Release|Any CPU.ActiveCfg = Release|Win32
		{CFFC8EDB-1371-4C3A-B0E3-58E1D4C51171}.Release|Any CPU.Build.0 = Release|Win32
		{CFFC8EDB-1371-4C3A-B0E3-58E1D4C51171}.Release|Mixed Platforms.ActiveCfg = Release|Win32
		{CFFC8EDB-1371-4C3A-B0E3-58E1D4C51171}.Release|Mixed Platforms.Build.0 = Release|Win32
		{CFFC8EDB-1371-4C3A-B0E3-58E1D4C51171}.Release|Win32.ActiveCfg = Release|Win32
		{CFFC8EDB-1371-4C3A-B0E3-58E1D4C51171}.Release|Win32.Build.0 = Release|Win32
		{CFFC8EDB-1371-4C3A-B0E3-58E1D4C51171}.Release|x64.ActiveCfg = Release|Win32
		{CFFC8EDB-1371-4C3A-B0E3-58E1D4C51171}.Release|x64.Build.0 = Release|Win32
		{CFFC8EDB-1371-4C3A-B0E3-58E1D4C51171}.Release|x86.ActiveCfg = Release|Win32
		{CFFC8EDB-1371-4C3A-B0E3-58E1D4C51171}.Release|x86.Build.0 = Release|Win32
		{5FA71207-F66A-4B18-8A0B-DA54D0C94330}.Debug|Any CPU.ActiveCfg = Debug|Win32
		{5FA71207-F66A-4B18-8A0B-DA54D0C94330}.Debug|Any CPU.Build.0 = Debug|Win32
		{5FA71207-F66A-4B18-8A0B-DA54D0C94330}.Debug|Mixed Platforms.ActiveCfg = Debug|Win32
		{5FA71207-F66A-4B18-8A0B-DA54D0C94330}.Debug|Mixed Platforms.Build.0 = Debug|Win32
		{5FA71207-F66A-4B18-8A0B-DA54D0C94330}.Debug|Win32.ActiveCfg = Debug|Win32
		{5FA71207-F66A-4B18-8A0B-DA54D0C94330}.Debug|Win32.Build.0 = Debug|Win32
		{5FA71207-F66A-4B18-8A0B-DA54D0C94330}.Debug|x64.ActiveCfg = Debug|x64
		{5FA71207-F66A-4B18-8A0B-DA54D0C94330}.Debug|x64.Build.0 = Debug|x64
		{5FA71207-F66A-4B18-8A0B-DA54D0C94330}.Debug|x86.ActiveCfg = Debug|Win32
		{5FA71207-F66A-4B18-8A0B-DA54D0C94330}.Debug|x86.Build.0 = Debug|Win32
		{5FA71207-F66A-4B18-8A0B-DA54D0C94330}.Release|Any CPU.ActiveCfg = Release|Win32
		{5FA71207-F66A-4B18-8A0B-DA54D0C94330}.Release|Any CPU.Build.0 = Release|Win32
		{5FA71207-F66A-4B18-8A0B-DA54D0C94330}.Release|Mixed Platforms.ActiveCfg = Release|Win32
		{5FA71207-F66A-4B18-8A0B-DA54D0C94330}.Release|Mixed Platforms.Build.0 = Release|Win32
		{5FA71207-F66A-4B18-8A0B-DA54D0C94330}.Release|Win32.ActiveCfg = Release|Win32
		{5FA71207-F66A-4B18-8A0B-DA54D0C94330}.Release|Win32.Build.0 = Release|Win32
		{5FA71207-F66A-4B18-8A0B-DA54D0C94330}.Release|x64.ActiveCfg = Release|Win32
		{5FA71207-F66A-4B18-8A0B-DA54D0C94330}.Release|x64.Build.0 = Release|Win32
		{5FA71207-F66A-4B18-8A0B-DA54D0C94330}.Release|x86.ActiveCfg = Release|Win32
		{5FA71207-F66A-4B18-8A0B-DA54D0C94330}.Release|x86.Build.0 = Release|Win32
		{E5F0A69A-07AE-4697-9E5B-282B525918E4}.Debug|Any CPU.ActiveCfg = Debug|Win32
		{E5F0A69A-07AE-4697-9E5B-282B525918E4}.Debug|Any CPU.Build.0 = Debug|Win32
		{E5F0A69A-07AE-4697-9E5B-282B525918E4}.Debug|Mixed Platforms.ActiveCfg = Debug|Win32
		{E5F0A69A-07AE-4697-9E5B-282B525918E4}.Debug|Mixed Platforms.Build.0 = Debug|Win32
		{E5F0A69A-07AE-4697-9E5B-282B525918E4}.Debug|Win32.ActiveCfg = Debug|Win32
		{E5F0A69A-07AE-4697-9E5B-282B525918E4}.Debug|Win32.Build.0 = Debug|Win32
		{E5F0A69A-07AE-4697-9E5B-282B525918E4}.Debug|x64.ActiveCfg = Debug|x64
		{E5F0A69A-07AE-4697-9E5B-282B525918E4}.Debug|x64.Build.0 = Debug|x64
		{E5F0A69A-07AE-4697-9E5B-282B525918E4}.Debug|x86.ActiveCfg = Debug|Win32
		{E5F0A69A-07AE-4697-9E5B-282B525918E4}.Debug|x86.Build.0 = Debug|Win32
		{E5F0A69A-07AE-4697-9E5B-282B525918E4}.Release|Any CPU.ActiveCfg = Release|Win32
		{E5F0A69A-07AE-4697-9E5B-282B525918E4}.Release|Any CPU.Build.0 = Release|Win32
		{E5F0A69A-07AE-4697-9E5B-282B525918E4}.Release|Mixed Platforms.ActiveCfg = Release|Win32
		{E5F0A69A-07AE-4697-9E5B-282B525918E4}.Release|Mixed Platforms.Build.0 = Release|Win32
		{E5F0A69A-07AE-4697-9E5B-282B525918E4}.Release|Win32.ActiveCfg = Release|Win32
		{E5F0A69A-07AE-4697-9E5B-282B525918E4}.Release|Win32.Build.0 = Release|Win32
		{E5F0A69A-07AE-4697-9E5B-282B525918E4}.Release|x64.ActiveCfg = Release|Win32
		{E5F0A69A-07AE-4697-9E5B-282B525918E4}.Release|x64.Build.0 = Release|Win32
		{E5F0A69A-07AE-4697-9E5B-282B525918E4}.Release|x86.ActiveCfg = Release|Win32
		{E5F0A69A-07AE-4697-9E5B-282B525918E4}.Release|x86.Build.0 = Release|Win32
		{B155C3E1-44AB-484A-B751-11C60032D92B}.Debug|Any CPU.ActiveCfg = Debug|Win32
		{B155C3E1-44AB-484A-B751-11C60032D92B}.Debug|Any CPU.Build.0 = Debug|Win32
		{B155C3E1-44AB-484A-B751-11C60032D92B}.Debug|Mixed Platforms.ActiveCfg = Debug|Win32
		{B155C3E1-44AB-484A-B751-11C60032D92B}.Debug|Mixed Platforms.Build.0 = Debug|Win32
		{B155C3E1-44AB-484A-B751-11C60032D92B}.Debug|Win32.ActiveCfg = Debug|Win32
		{B155C3E1-44AB-484A-B751-11C60032D92B}.Debug|Win32.Build.0 = Debug|Win32
		{B155C3E1-44AB-484A-B751-11C60032D92B}.Debug|x64.ActiveCfg = Debug|x64
		{B155C3E1-44AB-484A-B751-11C60032D92B}.Debug|x64.Build.0 = Debug|x64
		{B155C3E1-44AB-484A-B751-11C60032D92B}.Debug|x86.ActiveCfg = Debug|Win32
		{B155C3E1-44AB-484A-B751-11C60032D92B}.Debug|x86.Build.0 = Debug|Win32
		{B155C3E1-44AB-484A-B751-11C60032D92B}.Release|Any CPU.ActiveCfg = Release|Win32
		{B155C3E1-44AB-484A-B751-11C60032D92B}.Release|Any CPU.Build.0 = Release|Win32
		{B155C3E1-44AB-484A-B751-11C60032D92B}.Release|Mixed Platforms.ActiveCfg = Release|Win32
		{B155C3E1-44AB-484A-B751-11C60032D92B}.Release|Mixed Platforms.Build.0 = Release|Win32
		{B155C3E1-44AB-484A-B751-11C60032D92B}.Release|Win32.ActiveCfg = Release|Win32
		{B155C3E1-44AB-484A-B751-11C60032D92B}.Release|Win32.Build.0 = Release|Win32
		{B155C3E1-44AB-484A-B751-11C60032D92B}.Release|x64.ActiveCfg = Release|Win32
		{B155C3E1-44AB-484A-B751-11C60032D92B}.Release|x64.Build.0 = Release|Win32
		{B155C3E1-44AB-484A-B751-11C60032D92B}.Release|x86.ActiveCfg = Release|Win32
		{B155C3E1-44AB-484A-B751-11C60032D92B}.Release|x86.Build.0 = Release|Win32
		{4869BC36-4A15-467C-A47A-7B564D0923D2}.Debug|Any CPU.ActiveCfg = Debug|Win32
		{4869BC36-4A15-467C-A47A-7B564D0923D2}.Debug|Any CPU.Build.0 = Debug|Win32
		{4869BC36-4A15-467C-A47A-7B564D0923D2}.Debug|Mixed Platforms.ActiveCfg = Debug|Win32
		{4869BC36-4A15-467C-A47A-7B564D0923D2}.Debug|Mixed Platforms.Build.0 = Debug|Win32
		{4869BC36-4A15-467C-A47A-7B564D0923D2}.Debug|Win32.ActiveCfg = Debug|Win32
		{4869BC36-4A15-467C-A47A-7B564D0923D2}.Debug|Win32.Build.0 = Debug|Win32
		{4869BC36-4A15-467C-A47A-7B564D0923D2}.Debug|x64.ActiveCfg = Debug|x64
		{4869BC36-4A15-467C-A47A-7B564D0923D2}.Debug|x64.Build.0 = Debug|x64
		{4869BC36-4A15-467C-A47A-7B564D0923D2}.Debug|x86.ActiveCfg = Debug|Win32
		{4869BC36-4A15-467C-A47A-7B564D0923D2}.Debug|x86.Build.0 = Debug|Win32
		{4869BC36-4A15-467C-A47A-7B564D0923D2}.Release|Any CPU.ActiveCfg = Release|Win32
		{4869BC36-4A15-467C-A47A-7B564D0923D2}.Release|Any CPU.Build.0 = Release|Win32
		{4869BC36-4A15-467C-A47A-7B564D0923D2}.Release|Mixed Platforms.ActiveCfg = Release|Win32
		{4869BC36-4A15-467C-A47A-7B564D0923D2}.Release|Mixed Platforms.Build.0 = Release|Win32
		{4869BC36-4A15-467C-A47A-7B564D0923D2}.Release|Win32.ActiveCfg = Release|Win32
		{4869BC36-4A15-467C-A47A-7B564D0923D2}.Release|Win32.Build.0 = Release|Win32
		{4869BC36-4A15-467C-A47A-7B564D0923D2}.Release|x64.ActiveCfg = Release|Win32
		{4869BC36-4A15-467C-A47A-7B564D0923D2}.Release|x64.Build.0 = Release|Win32
		{4869BC36-4A15-467C-A47A-7B564D0923D2}.Release|x86.ActiveCfg = Release|Win32
		{4869BC36-4A15-467C-A47A-7B564D0923D2}.Release|x86.Build.0 = Release|Win32
		{5FD26D5A-48F3-42FD-B9AD-0C8EDF5248A9}.Debug|Any CPU.ActiveCfg = Debug|Win32
		{5FD26D5A-48F3-42FD-B9AD-0C8EDF5248A9}.Debug|Any CPU.Build.0 = Debug|Win32
		{5FD26D5A-48F3-42FD-B9AD-0C8EDF5248A9}.Debug|Mixed Platforms.ActiveCfg = Debug|Win32
		{5FD26D5A-48F3-42FD-B9AD-0C8EDF5248A9}.Debug|Mixed Platforms.Build.0 = Debug|Win32
		{5FD26D5A-48F3-42FD-B9AD-0C8EDF5248A9}.Debug|Win32.ActiveCfg = Debug|Win32
		{5FD26D5A-48F3-42FD-B9AD-0C8EDF5248A9}.Debug|Win32.Build.0 = Debug|Win32
		{5FD26D5A-48F3-42FD-B9AD-0C8EDF5248A9}.Debug|x64.ActiveCfg = Debug|x64
		{5FD26D5A-48F3-42FD-B9AD-0C8EDF5248A9}.Debug|x64.Build.0 = Debug|x64
		{5FD26D5A-48F3-42FD-B9AD-0C8EDF5248A9}.Debug|x86.ActiveCfg = Debug|Win32
		{5FD26D5A-48F3-42FD-B9AD-0C8EDF5248A9}.Debug|x86.Build.0 = Debug|Win32
		{5FD26D5A-48F3-42FD-B9AD-0C8EDF5248A9}.Release|Any CPU.ActiveCfg = Release|Win32
		{5FD26D5A-48F3-42FD-B9AD-0C8EDF5248A9}.Release|Any CPU.Build.0 = Release|Win32
		{5FD26D5A-48F3-42FD-B9AD-0C8EDF5248A9}.Release|Mixed Platforms.ActiveCfg = Release|Win32
		{5FD26D5A-48F3-42FD-B9AD-0C8EDF5248A9}.Release|Mixed Platforms.Build.0 = Release|Win32
		{5FD26D5A-48F3-42FD-B9AD-0C8EDF5248A9}.Release|Win32.ActiveCfg = Release|Win32
		{5FD26D5A-48F3-42FD-B9AD-0C8EDF5248A9}.Release|Win32.Build.0 = Release|Win32
		{5FD26D5A-48F3-42FD-B9AD-0C8EDF5248A9}.Release|x64.ActiveCfg = Release|Win32
		{5FD26D5A-48F3-42FD-B9AD-0C8EDF5248A9}.Release|x64.Build.0 = Release|Win32
		{5FD26D5A-48F3-42FD-B9AD-0C8EDF5248A9}.Release|x86.ActiveCfg = Release|Win32
		{5FD26D5A-48F3-42FD-B9AD-0C8EDF5248A9}.Release|x86.Build.0 = Release|Win32
		{363E2258-899C-4409-BADB-739C67928B14}.Debug|Any CPU.ActiveCfg = Debug|Win32
		{363E2258-899C-4409-BADB-739C67928B14}.Debug|Any CPU.Build.0 = Debug|Win32
		{363E2258-899C-4409-BADB-739C67928B14}.Debug|Mixed Platforms.ActiveCfg = Debug|Win32
		{363E2258-899C-4409-BADB-739C67928B14}.Debug|Mixed Platforms.Build.0 = Debug|Win32
		{363E2258-899C-4409-BADB-739C67928B14}.Debug|Win32.ActiveCfg = Debug|Win32
		{363E2258-899C-4409-BADB-739C67928B14}.Debug|Win32.Build.0 = Debug|Win32
		{363E2258-899C-4409-BADB-739C67928B14}.Debug|x64.ActiveCfg = Debug|x64
		{363E2258-899C-4409-BADB-739C67928B14}.Debug|x64.Build.0 = Debug|x64
		{363E2258-899C-4409-BADB-739C67928B14}.Debug|x86.ActiveCfg = Debug|Win32
		{363E2258-899C-4409-BADB-739C67928B14}.Debug|x86.Build.0 = Debug|Win32
		{363E2258-899C-4409-BADB-739C67928B14}.Release|Any CPU.ActiveCfg = Release|Win32
		{363E2258-899C-4409-BADB-739C67928B14}.Release|Any CPU.Build.0 = Release|Win32
		{363E2258-899C-4409-BADB-739C67928B14}.Release|Mixed Platforms.ActiveCfg = Release|Win32
		{363E2258-899C-4409-BADB-739C67928B14}.Release|Mixed Platforms.Build.0 = Release|Win32
		{363E2258-899C-4409-BADB-739C67928B14}.Release|Win32.ActiveCfg = Release|Win32
		{363E2258-899C-4409-BADB-739C67928B14}.Release|Win32.Build.0 = Release|Win32
		{363E2258-899C-4409-BADB-739C67928B14}.Release|x64.ActiveCfg = Release|Win32
		{363E2258-899C-4409-BADB-739C67928B14}.Release|x64.Build.0 = Release|Win32
		{363E2258-899C-4409-BADB-739C67928B14}.Release|x86.ActiveCfg = Release|Win32
		{363E2258-899C-4409-BADB-739C67928B14}.Release|x86.Build.0 = Release|Win32
		{885FA35A-A3A4-4790-8BB0-2197E7996013}.Debug|Any CPU.ActiveCfg = Debug|Win32
		{885FA35A-A3A4-4790-8BB0-2197E7996013}.Debug|Any CPU.Build.0 = Debug|Win32
		{885FA35A-A3A4-4790-8BB0-2197E7996013}.Debug|Mixed Platforms.ActiveCfg = Debug|Win32
		{885FA35A-A3A4-4790-8BB0-2197E7996013}.Debug|Mixed Platforms.Build.0 = Debug|Win32
		{885FA35A-A3A4-4790-8BB0-2197E7996013}.Debug|Win32.ActiveCfg = Debug|Win32
		{885FA35A-A3A4-4790-8BB0-2197E7996013}.Debug|Win32.Build.0 = Debug|Win32
		{885FA35A-A3A4-4790-8BB0-2197E7996013}.Debug|x64.ActiveCfg = Debug|x64
		{885FA35A-A3A4-4790-8BB0-2197E7996013}.Debug|x64.Build.0 = Debug|x64
		{885FA35A-A3A4-4790-8BB0-2197E7996013}.Debug|x86.ActiveCfg = Debug|Win32
		{885FA35A-A3A4-4790-8BB0-2197E7996013}.Debug|x86.Build.0 = Debug|Win32
		{885FA35A-A3A4-4790-8BB0-2197E7996013}.Release|Any CPU.ActiveCfg = Release|Win32
		{885FA35A-A3A4-4790-8BB0-2197E7996013}.Release|Any CPU.Build.0 = Release|Win32
		{885FA35A-A3A4-4790-8BB0-2197E7996013}.Release|Mixed Platforms.ActiveCfg = Release|Win32
		{885FA35A-A3A4-4790-8BB0-2197E7996013}.Release|Mixed Platforms.Build.0 = Release|Win32
		{885FA35A-A3A4-4790-8BB0-2197E7996013}.Release|Win32.ActiveCfg = Release|Win32
		{885FA35A-A3A4-4790-8BB0-2197E7996013}.Release|Win32.Build.0 = Release|Win32
		{885FA35A-A3A4-4790-8BB0-2197E7996013}.Release|x64.ActiveCfg = Release|Win32
		{885FA35A-A3A4-4790-8BB0-2197E7996013}.Release|x64.Build.0 = Release|Win32
		{885FA35A-A3A4-4790-8BB0-2197E7996013}.Release|x86.ActiveCfg = Release|Win32
		{885FA35A-A3A4-4790-8BB0-2197E7996013}.Release|x86.Build.0 = Release|Win32
		{B7EDC960-2FF1-4AFD-8C7A-0C632A0ADBE4}.Debug|Any CPU.ActiveCfg = Debug|Win32
		{B7EDC960-2FF1-4AFD-8C7A-0C632A0ADBE4}.Debug|Any CPU.Build.0 = Debug|Win32
		{B7EDC960-2FF1-4AFD-8C7A-0C632A0ADBE4}.Debug|Mixed Platforms.ActiveCfg = Debug|Win32
		{B7EDC960-2FF1-4AFD-8C7A-0C632A0ADBE4}.Debug|Mixed Platforms.Build.0 = Debug|Win32
		{B7EDC960-2FF1-4AFD-8C7A-0C632A0ADBE4}.Debug|Win32.ActiveCfg = Debug|Win32
		{B7EDC960-2FF1-4AFD-8C7A-0C632A0ADBE4}.Debug|Win32.Build.0 = Debug|Win32
		{B7EDC960-2FF1-4AFD-8C7A-0C632A0ADBE4}.Debug|x64.ActiveCfg = Debug|x64
		{B7EDC960-2FF1-4AFD-8C7A-0C632A0ADBE4}.Debug|x64.Build.0 = Debug|x64
		{B7EDC960-2FF1-4AFD-8C7A-0C632A0ADBE4}.Debug|x86.ActiveCfg = Debug|Win32
		{B7EDC960-2FF1-4AFD-8C7A-0C632A0ADBE4}.Debug|x86.Build.0 = Debug|Win32
		{B7EDC960-2FF1-4AFD-8C7A-0C632A0ADBE4}.Release|Any CPU.ActiveCfg = Release|Win32
		{B7EDC960-2FF1-4AFD-8C7A-0C632A0ADBE4}.Release|Any CPU.Build.0 = Release|Win32
		{B7EDC960-2FF1-4AFD-8C7A-0C632A0ADBE4}.Release|Mixed Platforms.ActiveCfg = Release|Win32
		{B7EDC960-2FF1-4AFD-8C7A-0C632A0ADBE4}.Release|Mixed Platforms.Build.0 = Release|Win32
		{B7EDC960-2FF1-4AFD-8C7A-0C632A0ADBE4}.Release|Win32.ActiveCfg = Release|Win32
		{B7EDC960-2FF1-4AFD-8C7A-0C632A0ADBE4}.Release|Win32.Build.0 = Release|Win32
		{B7EDC960-2FF1-4AFD-8C7A-0C632A0ADBE4}.Release|x64.ActiveCfg = Release|Win32
		{B7EDC960-2FF1-4AFD-8C7A-0C632A0ADBE4}.Release|x64.Build.0 = Release|Win32
		{B7EDC960-2FF1-4AFD-8C7A-0C632A0ADBE4}.Release|x86.ActiveCfg = Release|Win32
		{B7EDC960-2FF1-4AFD-8C7A-0C632A0ADBE4}.Release|x86.Build.0 = Release|Win32
		{838B8E92-5FF3-4420-9E17-1B0AC63353C4}.Debug|Any CPU.ActiveCfg = Debug|Win32
		{838B8E92-5FF3-4420-9E17-1B0AC63353C4}.Debug|Any CPU.Build.0 = Debug|Win32
		{838B8E92-5FF3-4420-9E17-1B0AC63353C4}.Debug|Mixed Platforms.ActiveCfg = Debug|Win32
		{838B8E92-5FF3-4420-9E17-1B0AC63353C4}.Debug|Mixed Platforms.Build.0 = Debug|Win32
		{838B8E92-5FF3-4420-9E17-1B0AC63353C4}.Debug|Win32.ActiveCfg = Debug|Win32
		{838B8E92-5FF3-4420-9E17-1B0AC63353C4}.Debug|Win32.Build.0 = Debug|Win32
		{838B8E92-5FF3-4420-9E17-1B0AC63353C4}.Debug|x64.ActiveCfg = Debug|x64
		{838B8E92-5FF3-4420-9E17-1B0AC63353C4}.Debug|x64.Build.0 = Debug|x64
		{838B8E92-5FF3-4420-9E17-1B0AC63353C4}.Debug|x86.ActiveCfg = Debug|Win32
		{838B8E92-5FF3-4420-9E17-1B0AC63353C4}.Debug|x86.Build.0 = Debug|Win32
		{838B8E92-5FF3-4420-9E17-1B0AC63353C4}.Release|Any CPU.ActiveCfg = Release|Win32
		{838B8E92-5FF3-4420-9E17-1B0AC63353C4}.Release|Any CPU.Build.0 = Release|Win32
		{838B8E92-5FF3-4420-9E17-1B0AC63353C4}.Release|Mixed Platforms.ActiveCfg = Release|Win32
		{838B8E92-5FF3-4420-9E17-1B0AC63353C4}.Release|Mixed Platforms.Build.0 = Release|Win32
		{838B8E92-5FF3-4420-9E17-1B0AC63353C4}.Release|Win32.ActiveCfg = Release|Win32
		{838B8E92-5FF3-4420-9E17-1B0AC63353C4}.Release|Win32.Build.0 = Release|Win32
		{838B8E92-5FF3-4420-9E17-1B0AC63353C4}.Release|x64.ActiveCfg = Release|Win32
		{838B8E92-5FF3-4420-9E17-1B0AC63353C4}.Release|x64.Build.0 = Release|Win32
		{838B8E92-5FF3-4420-9E17-1B0AC63353C4}.Release|x86.ActiveCfg = Release|Win32
		{838B8E92-5FF3-4420-9E17-1B0AC63353C4}.Release|x86.Build.0 = Release|Win32
		{E04064BE-EDE2-4741-8635-FFF4B82D7A5C}.Debug|Any CPU.ActiveCfg = Debug|Win32
		{E04064BE-EDE2-4741-8635-FFF4B82D7A5C}.Debug|Any CPU.Build.0 = Debug|Win32
		{E04064BE-EDE2-4741-8635-FFF4B82D7A5C}.Debug|Mixed Platforms.ActiveCfg = Debug|Win32
		{E04064BE-EDE2-4741-8635-FFF4B82D7A5C}.Debug|Mixed Platforms.Build.0 = Debug|Win32
		{E04064BE-EDE2-4741-8635-FFF4B82D7A5C}.Debug|Win32.ActiveCfg = Debug|Win32
		{E04064BE-EDE2-4741-8635-FFF4B82D7A5C}.Debug|Win32.Build.0 = Debug|Win32
		{E04064BE-EDE2-4741-8635-FFF4B82D7A5C}.Debug|x64.ActiveCfg = Debug|x64
		{E04064BE-EDE2-4741-8635-FFF4B82D7A5C}.Debug|x64.Build.0 = Debug|x64
		{E04064BE-EDE2-4741-8635-FFF4B82D7A5C}.Debug|x86.ActiveCfg = Debug|Win32
		{E04064BE-EDE2-4741-8635-FFF4B82D7A5C}.Debug|x86.Build.0 = Debug|Win32
		{E04064BE-EDE2-4741-8635-FFF4B82D7A5C}.Release|Any CPU.ActiveCfg = Release|Win32
		{E04064BE-EDE2-4741-8635-FFF4B82D7A5C}.Release|Any CPU.Build.0 = Release|Win32
		{E04064BE-EDE2-4741-8635-FFF4B82D7A5C}.Release|Mixed Platforms.ActiveCfg = Release|Win32
		{E04064BE-EDE2-4741-8635-FFF4B82D7A5C}.Release|Mixed Platforms.Build.0 = Release|Win32
		{E04064BE-EDE2-4741-8635-FFF4B82D7A5C}.Release|Win32.ActiveCfg = Release|Win32
		{E04064BE-EDE2-4741-8635-FFF4B82D7A5C}.Release|Win32.Build.0 = Release|Win32
		{E04064BE-EDE2-4741-8635-FFF4B82D7A5C}.Release|x64.ActiveCfg = Release|Win32
		{E04064BE-EDE2-4741-8635-FFF4B82D7A5C}.Release|x64.Build.0 = Release|Win32
		{E04064BE-EDE2-4741-8635-FFF4B82D7A5C}.Release|x86.ActiveCfg = Release|Win32
		{E04064BE-EDE2-4741-8635-FFF4B82D7A5C}.Release|x86.Build.0 = Release|Win32
		{2E98D7DE-D91E-496D-A900-8A55BB292662}.Debug|Any CPU.ActiveCfg = Debug|Win32
		{2E98D7DE-D91E-496D-A900-8A55BB292662}.Debug|Any CPU.Build.0 = Debug|Win32
		{2E98D7DE-D91E-496D-A900-8A55BB292662}.Debug|Mixed Platforms.ActiveCfg = Debug|Win32
		{2E98D7DE-D91E-496D-A900-8A55BB292662}.Debug|Mixed Platforms.Build.0 = Debug|Win32
		{2E98D7DE-D91E-496D-A900-8A55BB292662}.Debug|Win32.ActiveCfg = Debug|Win32
		{2E98D7DE-D91E-496D-A900-8A55BB292662}.Debug|Win32.Build.0 = Debug|Win32
		{2E98D7DE-D91E-496D-A900-8A55BB292662}.Debug|x64.ActiveCfg = Debug|x64
		{2E98D7DE-D91E-496D-A900-8A55BB292662}.Debug|x64.Build.0 = Debug|x64
		{2E98D7DE-D91E-496D-A900-8A55BB292662}.Debug|x86.ActiveCfg = Debug|Win32
		{2E98D7DE-D91E-496D-A900-8A55BB292662}.Debug|x86.Build.0 = Debug|Win32
		{2E98D7DE-D91E-496D-A900-8A55BB292662}.Release|Any CPU.ActiveCfg = Release|Win32
		{2E98D7DE-D91E-496D-A900-8A55BB292662}.Release|Any CPU.Build.0 = Release|Win32
		{2E98D7DE-D91E-496D-A900-8A55BB292662}.Release|Mixed Platforms.ActiveCfg = Release|Win32
		{2E98D7DE-D91E-496D-A900-8A55BB292662}.Release|Mixed Platforms.Build.0 = Release|Win32
		{2E98D7DE-D91E-496D-A900-8A55BB292662}.Release|Win32.ActiveCfg = Release|Win32
		{2E98D7DE-D91E-496D-A900-8A55BB292662}.Release|Win32.Build.0 = Release|Win32
		{2E98D7DE-D91E-496D-A900-8A55BB292662}.Release|x64.ActiveCfg = Release|Win32
		{2E98D7DE-D91E-496D-A900-8A55BB292662}.Release|x64.Build.0 = Release|Win32
		{2E98D7DE-D91E-496D-A900-8A55BB292662}.Release|x86.ActiveCfg = Release|Win32
		{2E98D7DE-D91E-496D-A900-8A55BB292662}.Release|x86.Build.0 = Release|Win32
		{01E66147-F600-448C-A13A-55263E026ED4}.Debug|Any CPU.ActiveCfg = Debug|Win32
		{01E66147-F600-448C-A13A-55263E026ED4}.Debug|Any CPU.Build.0 = Debug|Win32
		{01E66147-F600-448C-A13A-55263E026ED4}.Debug|Mixed Platforms.ActiveCfg = Debug|Win32
		{01E66147-F600-448C-A13A-55263E026ED4}.Debug|Mixed Platforms.Build.0 = Debug|Win32
		{01E66147-F600-448C-A13A-55263E026ED4}.Debug|Win32.ActiveCfg = Debug|Win32
		{01E66147-F600-448C-A13A-55263E026ED4}.Debug|Win32.Build.0 = Debug|Win32
		{01E66147-F600-448C-A13A-55263E026ED4}.Debug|x64.ActiveCfg = Debug|x64
		{01E66147-F600-448C-A13A-55263E026ED4}.Debug|x64.Build.0 = Debug|x64
		{01E66147-F600-448C-A13A-55263E026ED4}.Debug|x86.ActiveCfg = Debug|Win32
		{01E66147-F600-448C-A13A-55263E026ED4}.Debug|x86.Build.0 = Debug|Win32
		{01E66147-F600-448C-A13A-55263E026ED4}.Release|Any CPU.ActiveCfg = Release|Win32
		{01E66147-F600-448C-A13A-55263E026ED4}.Release|Any CPU.Build.0 = Release|Win32
		{01E66147-F600-448C-A13A-55263E026ED4}.Release|Mixed Platforms.ActiveCfg = Release|Win32
		{01E66147-F600-448C-A13A-55263E026ED4}.Release|Mixed Platforms.Build.0 = Release|Win32
		{01E66147-F600-448C-A13A-55263E026ED4}.Release|Win32.ActiveCfg = Release|Win32
		{01E66147-F600-448C-A13A-55263E026ED4}.Release|Win32.Build.0 = Release|Win32
		{01E66147-F600-448C-A13A-55263E026ED4}.Release|x64.ActiveCfg = Release|Win32
		{01E66147-F600-448C-A13A-55263E026ED4}.Release|x64.Build.0 = Release|Win32
		{01E66147-F600-448C-A13A-55263E026ED4}.Release|x86.ActiveCfg = Release|Win32
		{01E66147-F600-448C-A13A-55263E026ED4}.Release|x86.Build.0 = Release|Win32
		{690997BC-E20F-4C3C-94BA-EA41FD533309}.Debug|Any CPU.ActiveCfg = Debug|Win32
		{690997BC-E20F-4C3C-94BA-EA41FD533309}.Debug|Any CPU.Build.0 = Debug|Win32
		{690997BC-E20F-4C3C-94BA-EA41FD533309}.Debug|Mixed Platforms.ActiveCfg = Debug|Win32
		{690997BC-E20F-4C3C-94BA-EA41FD533309}.Debug|Mixed Platforms.Build.0 = Debug|Win32
		{690997BC-E20F-4C3C-94BA-EA41FD533309}.Debug|Win32.ActiveCfg = Debug|Win32
		{690997BC-E20F-4C3C-94BA-EA41FD533309}.Debug|Win32.Build.0 = Debug|Win32
		{690997BC-E20F-4C3C-94BA-EA41FD533309}.Debug|x64.ActiveCfg = Debug|x64
		{690997BC-E20F-4C3C-94BA-EA41FD533309}.Debug|x64.Build.0 = Debug|x64
		{690997BC-E20F-4C3C-94BA-EA41FD533309}.Debug|x86.ActiveCfg = Debug|Win32
		{690997BC-E20F-4C3C-94BA-EA41FD533309}.Debug|x86.Build.0 = Debug|Win32
		{690997BC-E20F-4C3C-94BA-EA41FD533309}.Release|Any CPU.ActiveCfg = Release|Win32
		{690997BC-E20F-4C3C-94BA-EA41FD533309}.Release|Any CPU.Build.0 = Release|Win32
		{690997BC-E20F-4C3C-94BA-EA41FD533309}.Release|Mixed Platforms.ActiveCfg = Release|Win32
		{690997BC-E20F-4C3C-94BA-EA41FD533309}.Release|Mixed Platforms.Build.0 = Release|Win32
		{690997BC-E20F-4C3C-94BA-EA41FD533309}.Release|Win32.ActiveCfg = Release|Win32
		{690997BC-E20F-4C3C-94BA-EA41FD533309}.Release|Win32.Build.0 = Release|Win32
		{690997BC-E20F-4C3C-94BA-EA41FD533309}.Release|x64.ActiveCfg = Release|Win32
		{690997BC-E20F-4C3C-94BA-EA41FD533309}.Release|x64.Build.0 = Release|Win32
		{690997BC-E20F-4C3C-94BA-EA41FD533309}.Release|x86.ActiveCfg = Release|Win32
		{690997BC-E20F-4C3C-94BA-EA41FD533309}.Release|x86.Build.0 = Release|Win32
		{0717C3A9-32F2-4849-BBD4-F509A583DBAE}.Debug|Any CPU.ActiveCfg = Debug|Win32
		{0717C3A9-32F2-4849-BBD4-F509A583DBAE}.Debug|Mixed Platforms.ActiveCfg = Debug|Win32
		{0717C3A9-32F2-4849-BBD4-F509A583DBAE}.Debug|Win32.ActiveCfg = Debug|Win32
		{0717C3A9-32F2-4849-BBD4-F509A583DBAE}.Debug|x64.ActiveCfg = Debug|x64
		{0717C3A9-32F2-4849-BBD4-F509A583DBAE}.Debug|x86.ActiveCfg = Debug|Win32
		{0717C3A9-32F2-4849-BBD4-F509A583DBAE}.Release|Any CPU.ActiveCfg = Release|Win32
		{0717C3A9-32F2-4849-BBD4-F509A583DBAE}.Release|Mixed Platforms.ActiveCfg = Release|Win32
		{0717C3A9-32F2-4849-BBD4-F509A583DBAE}.Release|Win32.ActiveCfg = Release|Win32
		{0717C3A9-32F2-4849-BBD4-F509A583DBAE}.Release|x64.ActiveCfg = Release|Win32
		{0717C3A9-32F2-4849-BBD4-F509A583DBAE}.Release|x86.ActiveCfg = Release|Win32
		{D2EADA36-BC9E-46E7-9203-7F54F95D8781}.Debug|Any CPU.ActiveCfg = Debug|Win32
		{D2EADA36-BC9E-46E7-9203-7F54F95D8781}.Debug|Any CPU.Build.0 = Debug|Win32
		{D2EADA36-BC9E-46E7-9203-7F54F95D8781}.Debug|Mixed Platforms.ActiveCfg = Debug|Win32
		{D2EADA36-BC9E-46E7-9203-7F54F95D8781}.Debug|Mixed Platforms.Build.0 = Debug|Win32
		{D2EADA36-BC9E-46E7-9203-7F54F95D8781}.Debug|Win32.ActiveCfg = Debug|Win32
		{D2EADA36-BC9E-46E7-9203-7F54F95D8781}.Debug|Win32.Build.0 = Debug|Win32
		{D2EADA36-BC9E-46E7-9203-7F54F95D8781}.Debug|x64.ActiveCfg = Debug|x64
		{D2EADA36-BC9E-46E7-9203-7F54F95D8781}.Debug|x64.Build.0 = Debug|x64
		{D2EADA36-BC9E-46E7-9203-7F54F95D8781}.Debug|x86.ActiveCfg = Debug|Win32
		{D2EADA36-BC9E-46E7-9203-7F54F95D8781}.Debug|x86.Build.0 = Debug|Win32
		{D2EADA36-BC9E-46E7-9203-7F54F95D8781}.Release|Any CPU.ActiveCfg = Release|Win32
		{D2EADA36-BC9E-46E7-9203-7F54F95D8781}.Release|Any CPU.Build.0 = Release|Win32
		{D2EADA36-BC9E-46E7-9203-7F54F95D8781}.Release|Mixed Platforms.ActiveCfg = Release|Win32
		{D2EADA36-BC9E-46E7-9203-7F54F95D8781}.Release|Mixed Platforms.Build.0 = Release|Win32
		{D2EADA36-BC9E-46E7-9203-7F54F95D8781}.Release|Win32.ActiveCfg = Release|Win32
		{D2EADA36-BC9E-46E7-9203-7F54F95D8781}.Release|Win32.Build.0 = Release|Win32
		{D2EADA36-BC9E-46E7-9203-7F54F95D8781}.Release|x64.ActiveCfg = Release|Win32
		{D2EADA36-BC9E-46E7-9203-7F54F95D8781}.Release|x64.Build.0 = Release|Win32
		{D2EADA36-BC9E-46E7-9203-7F54F95D8781}.Release|x86.ActiveCfg = Release|Win32
		{D2EADA36-BC9E-46E7-9203-7F54F95D8781}.Release|x86.Build.0 = Release|Win32
		{01C3645F-23AE-451C-83FD-DE6359442FDC}.Debug|Any CPU.ActiveCfg = Debug|Win32
		{01C3645F-23AE-451C-83FD-DE6359442FDC}.Debug|Any CPU.Build.0 = Debug|Win32
		{01C3645F-23AE-451C-83FD-DE6359442FDC}.Debug|Mixed Platforms.ActiveCfg = Debug|Win32
		{01C3645F-23AE-451C-83FD-DE6359442FDC}.Debug|Mixed Platforms.Build.0 = Debug|Win32
		{01C3645F-23AE-451C-83FD-DE6359442FDC}.Debug|Win32.ActiveCfg = Debug|Win32
		{01C3645F-23AE-451C-83FD-DE6359442FDC}.Debug|Win32.Build.0 = Debug|Win32
		{01C3645F-23AE-451C-83FD-DE6359442FDC}.Debug|x64.ActiveCfg = Debug|x64
		{01C3645F-23AE-451C-83FD-DE6359442FDC}.Debug|x64.Build.0 = Debug|x64
		{01C3645F-23AE-451C-83FD-DE6359442FDC}.Debug|x86.ActiveCfg = Debug|Win32
		{01C3645F-23AE-451C-83FD-DE6359442FDC}.Debug|x86.Build.0 = Debug|Win32
		{01C3645F-23AE-451C-83FD-DE6359442FDC}.Release|Any CPU.ActiveCfg = Release|Win32
		{01C3645F-23AE-451C-83FD-DE6359442FDC}.Release|Any CPU.Build.0 = Release|Win32
		{01C3645F-23AE-451C-83FD-DE6359442FDC}.Release|Mixed Platforms.ActiveCfg = Release|Win32
		{01C3645F-23AE-451C-83FD-DE6359442FDC}.Release|Mixed Platforms.Build.0 = Release|Win32
		{01C3645F-23AE-451C-83FD-DE6359442FDC}.Release|Win32.ActiveCfg = Release|Win32
		{01C3645F-23AE-451C-83FD-DE6359442FDC}.Release|Win32.Build.0 = Release|Win32
		{01C3645F-23AE-451C-83FD-DE6359442FDC}.Release|x64.ActiveCfg = Release|Win32
		{01C3645F-23AE-451C-83FD-DE6359442FDC}.Release|x64.Build.0 = Release|Win32
		{01C3645F-23AE-451C-83FD-DE6359442FDC}.Release|x86.ActiveCfg = Release|Win32
		{01C3645F-23AE-451C-83FD-DE6359442FDC}.Release|x86.Build.0 = Release|Win32
		{5796FC77-34B7-43FB-A6BB-85D42095D4B1}.Debug|Any CPU.ActiveCfg = Debug|Win32
		{5796FC77-34B7-43FB-A6BB-85D42095D4B1}.Debug|Any CPU.Build.0 = Debug|Win32
		{5796FC77-34B7-43FB-A6BB-85D42095D4B1}.Debug|Mixed Platforms.ActiveCfg = Debug|Win32
		{5796FC77-34B7-43FB-A6BB-85D42095D4B1}.Debug|Mixed Platforms.Build.0 = Debug|Win32
		{5796FC77-34B7-43FB-A6BB-85D42095D4B1}.Debug|Win32.ActiveCfg = Debug|Win32
		{5796FC77-34B7-43FB-A6BB-85D42095D4B1}.Debug|Win32.Build.0 = Debug|Win32
		{5796FC77-34B7-43FB-A6BB-85D42095D4B1}.Debug|x64.ActiveCfg = Debug|x64
		{5796FC77-34B7-43FB-A6BB-85D42095D4B1}.Debug|x64.Build.0 = Debug|x64
		{5796FC77-34B7-43FB-A6BB-85D42095D4B1}.Debug|x86.ActiveCfg = Debug|Win32
		{5796FC77-34B7-43FB-A6BB-85D42095D4B1}.Debug|x86.Build.0 = Debug|Win32
		{5796FC77-34B7-43FB-A6BB-85D42095D4B1}.Release|Any CPU.ActiveCfg = Release|Win32
		{5796FC77-34B7-43FB-A6BB-85D42095D4B1}.Release|Any CPU.Build.0 = Release|Win32
		{5796FC77-34B7-43FB-A6BB-85D42095D4B1}.Release|Mixed Platforms.ActiveCfg = Release|Win32
		{5796FC77-34B7-43FB-A6BB-85D42095D4B1}.Release|Mixed Platforms.Build.0 = Release|Win32
		{5796FC77-34B7-43FB-A6BB-85D42095D4B1}.Release|Win32.ActiveCfg = Release|Win32
		{5796FC77-34B7-43FB-A6BB-85D42095D4B1}.Release|Win32.Build.0 = Release|Win32
		{5796FC77-34B7-43FB-A6BB-85D42095D4B1}.Release|x64.ActiveCfg = Release|Win32
		{5796FC77-34B7-43FB-A6BB-85D42095D4B1}.Release|x64.Build.0 = Release|Win32
		{5796FC77-34B7-43FB-A6BB-85D42095D4B1}.Release|x86.ActiveCfg = Release|Win32
		{5796FC77-34B7-43FB-A6BB-85D42095D4B1}.Release|x86.Build.0 = Release|Win32
		{93C21C01-8F90-470D-B9E3-5CE136EE03F8}.Debug|Any CPU.ActiveCfg = Debug|Win32
		{93C21C01-8F90-470D-B9E3-5CE136EE03F8}.Debug|Any CPU.Build.0 = Debug|Win32
		{93C21C01-8F90-470D-B9E3-5CE136EE03F8}.Debug|Mixed Platforms.ActiveCfg = Debug|Win32
		{93C21C01-8F90-470D-B9E3-5CE136EE03F8}.Debug|Mixed Platforms.Build.0 = Debug|Win32
		{93C21C01-8F90-470D-B9E3-5CE136EE03F8}.Debug|Win32.ActiveCfg = Debug|Win32
		{93C21C01-8F90-470D-B9E3-5CE136EE03F8}.Debug|Win32.Build.0 = Debug|Win32
		{93C21C01-8F90-470D-B9E3-5CE136EE03F8}.Debug|x64.ActiveCfg = Debug|x64
		{93C21C01-8F90-470D-B9E3-5CE136EE03F8}.Debug|x64.Build.0 = Debug|x64
		{93C21C01-8F90-470D-B9E3-5CE136EE03F8}.Debug|x86.ActiveCfg = Debug|Win32
		{93C21C01-8F90-470D-B9E3-5CE136EE03F8}.Debug|x86.Build.0 = Debug|Win32
		{93C21C01-8F90-470D-B9E3-5CE136EE03F8}.Release|Any CPU.ActiveCfg = Release|Win32
		{93C21C01-8F90-470D-B9E3-5CE136EE03F8}.Release|Any CPU.Build.0 = Release|Win32
		{93C21C01-8F90-470D-B9E3-5CE136EE03F8}.Release|Mixed Platforms.ActiveCfg = Release|Win32
		{93C21C01-8F90-470D-B9E3-5CE136EE03F8}.Release|Mixed Platforms.Build.0 = Release|Win32
		{93C21C01-8F90-470D-B9E3-5CE136EE03F8}.Release|Win32.ActiveCfg = Release|Win32
		{93C21C01-8F90-470D-B9E3-5CE136EE03F8}.Release|Win32.Build.0 = Release|Win32
		{93C21C01-8F90-470D-B9E3-5CE136EE03F8}.Release|x64.ActiveCfg = Release|Win32
		{93C21C01-8F90-470D-B9E3-5CE136EE03F8}.Release|x64.Build.0 = Release|Win32
		{93C21C01-8F90-470D-B9E3-5CE136EE03F8}.Release|x86.ActiveCfg = Release|Win32
		{93C21C01-8F90-470D-B9E3-5CE136EE03F8}.Release|x86.Build.0 = Release|Win32
		{180383EC-4CDE-447A-9BB2-D82499001CB5}.Debug|Any CPU.ActiveCfg = Debug|Win32
		{180383EC-4CDE-447A-9BB2-D82499001CB5}.Debug|Any CPU.Build.0 = Debug|Win32
		{180383EC-4CDE-447A-9BB2-D82499001CB5}.Debug|Mixed Platforms.ActiveCfg = Debug|Win32
		{180383EC-4CDE-447A-9BB2-D82499001CB5}.Debug|Mixed Platforms.Build.0 = Debug|Win32
		{180383EC-4CDE-447A-9BB2-D82499001CB5}.Debug|Win32.ActiveCfg = Debug|Win32
		{180383EC-4CDE-447A-9BB2-D82499001CB5}.Debug|Win32.Build.0 = Debug|Win32
		{180383EC-4CDE-447A-9BB2-D82499001CB5}.Debug|x64.ActiveCfg = Debug|x64
		{180383EC-4CDE-447A-9BB2-D82499001CB5}.Debug|x64.Build.0 = Debug|x64
		{180383EC-4CDE-447A-9BB2-D82499001CB5}.Debug|x86.ActiveCfg = Debug|Win32
		{180383EC-4CDE-447A-9BB2-D82499001CB5}.Debug|x86.Build.0 = Debug|Win32
		{180383EC-4CDE-447A-9BB2-D82499001CB5}.Release|Any CPU.ActiveCfg = Release|Win32
		{180383EC-4CDE-447A-9BB2-D82499001CB5}.Release|Any CPU.Build.0 = Release|Win32
		{180383EC-4CDE-447A-9BB2-D82499001CB5}.Release|Mixed Platforms.ActiveCfg = Release|Win32
		{180383EC-4CDE-447A-9BB2-D82499001CB5}.Release|Mixed Platforms.Build.0 = Release|Win32
		{180383EC-4CDE-447A-9BB2-D82499001CB5}.Release|Win32.ActiveCfg = Release|Win32
		{180383EC-4CDE-447A-9BB2-D82499001CB5}.Release|Win32.Build.0 = Release|Win32
		{180383EC-4CDE-447A-9BB2-D82499001CB5}.Release|x64.ActiveCfg = Release|Win32
		{180383EC-4CDE-447A-9BB2-D82499001CB5}.Release|x64.Build.0 = Release|Win32
		{180383EC-4CDE-447A-9BB2-D82499001CB5}.Release|x86.ActiveCfg = Release|Win32
		{180383EC-4CDE-447A-9BB2-D82499001CB5}.Release|x86.Build.0 = Release|Win32
		{38125181-7041-41F9-A849-702B392D83F5}.Debug|Any CPU.ActiveCfg = Debug|Any CPU
		{38125181-7041-41F9-A849-702B392D83F5}.Debug|Any CPU.Build.0 = Debug|Any CPU
		{38125181-7041-41F9-A849-702B392D83F5}.Debug|Mixed Platforms.ActiveCfg = Debug|Any CPU
		{38125181-7041-41F9-A849-702B392D83F5}.Debug|Mixed Platforms.Build.0 = Debug|Any CPU
		{38125181-7041-41F9-A849-702B392D83F5}.Debug|Win32.ActiveCfg = Debug|Any CPU
		{38125181-7041-41F9-A849-702B392D83F5}.Debug|Win32.Build.0 = Debug|Any CPU
		{38125181-7041-41F9-A849-702B392D83F5}.Debug|x64.ActiveCfg = Debug|Any CPU
		{38125181-7041-41F9-A849-702B392D83F5}.Debug|x64.Build.0 = Debug|Any CPU
		{38125181-7041-41F9-A849-702B392D83F5}.Debug|x86.ActiveCfg = Debug|Any CPU
		{38125181-7041-41F9-A849-702B392D83F5}.Debug|x86.Build.0 = Debug|Any CPU
		{38125181-7041-41F9-A849-702B392D83F5}.Release|Any CPU.ActiveCfg = Release|Any CPU
		{38125181-7041-41F9-A849-702B392D83F5}.Release|Any CPU.Build.0 = Release|Any CPU
		{38125181-7041-41F9-A849-702B392D83F5}.Release|Mixed Platforms.ActiveCfg = Release|Any CPU
		{38125181-7041-41F9-A849-702B392D83F5}.Release|Mixed Platforms.Build.0 = Release|Any CPU
		{38125181-7041-41F9-A849-702B392D83F5}.Release|Win32.ActiveCfg = Release|Any CPU
		{38125181-7041-41F9-A849-702B392D83F5}.Release|Win32.Build.0 = Release|Any CPU
		{38125181-7041-41F9-A849-702B392D83F5}.Release|x64.ActiveCfg = Release|Any CPU
		{38125181-7041-41F9-A849-702B392D83F5}.Release|x64.Build.0 = Release|Any CPU
		{38125181-7041-41F9-A849-702B392D83F5}.Release|x86.ActiveCfg = Release|Any CPU
		{38125181-7041-41F9-A849-702B392D83F5}.Release|x86.Build.0 = Release|Any CPU
		{03CDFBCC-BF37-443D-ABFF-28FD81B82FF3}.Debug|Any CPU.ActiveCfg = Debug|Any CPU
		{03CDFBCC-BF37-443D-ABFF-28FD81B82FF3}.Debug|Any CPU.Build.0 = Debug|Any CPU
		{03CDFBCC-BF37-443D-ABFF-28FD81B82FF3}.Debug|Mixed Platforms.ActiveCfg = Debug|Any CPU
		{03CDFBCC-BF37-443D-ABFF-28FD81B82FF3}.Debug|Mixed Platforms.Build.0 = Debug|Any CPU
		{03CDFBCC-BF37-443D-ABFF-28FD81B82FF3}.Debug|Win32.ActiveCfg = Debug|Any CPU
		{03CDFBCC-BF37-443D-ABFF-28FD81B82FF3}.Debug|Win32.Build.0 = Debug|Any CPU
		{03CDFBCC-BF37-443D-ABFF-28FD81B82FF3}.Debug|x64.ActiveCfg = Debug|Any CPU
		{03CDFBCC-BF37-443D-ABFF-28FD81B82FF3}.Debug|x64.Build.0 = Debug|Any CPU
		{03CDFBCC-BF37-443D-ABFF-28FD81B82FF3}.Debug|x86.ActiveCfg = Debug|Any CPU
		{03CDFBCC-BF37-443D-ABFF-28FD81B82FF3}.Debug|x86.Build.0 = Debug|Any CPU
		{03CDFBCC-BF37-443D-ABFF-28FD81B82FF3}.Release|Any CPU.ActiveCfg = Release|Any CPU
		{03CDFBCC-BF37-443D-ABFF-28FD81B82FF3}.Release|Any CPU.Build.0 = Release|Any CPU
		{03CDFBCC-BF37-443D-ABFF-28FD81B82FF3}.Release|Mixed Platforms.ActiveCfg = Release|Any CPU
		{03CDFBCC-BF37-443D-ABFF-28FD81B82FF3}.Release|Mixed Platforms.Build.0 = Release|Any CPU
		{03CDFBCC-BF37-443D-ABFF-28FD81B82FF3}.Release|Win32.ActiveCfg = Release|Any CPU
		{03CDFBCC-BF37-443D-ABFF-28FD81B82FF3}.Release|Win32.Build.0 = Release|Any CPU
		{03CDFBCC-BF37-443D-ABFF-28FD81B82FF3}.Release|x64.ActiveCfg = Release|Any CPU
		{03CDFBCC-BF37-443D-ABFF-28FD81B82FF3}.Release|x64.Build.0 = Release|Any CPU
		{03CDFBCC-BF37-443D-ABFF-28FD81B82FF3}.Release|x86.ActiveCfg = Release|Any CPU
		{03CDFBCC-BF37-443D-ABFF-28FD81B82FF3}.Release|x86.Build.0 = Release|Any CPU
		{FBD378C8-D1BA-4164-BA92-C10A410DB7A6}.Debug|Any CPU.ActiveCfg = Debug|Any CPU
		{FBD378C8-D1BA-4164-BA92-C10A410DB7A6}.Debug|Any CPU.Build.0 = Debug|Any CPU
		{FBD378C8-D1BA-4164-BA92-C10A410DB7A6}.Debug|Mixed Platforms.ActiveCfg = Debug|Any CPU
		{FBD378C8-D1BA-4164-BA92-C10A410DB7A6}.Debug|Mixed Platforms.Build.0 = Debug|Any CPU
		{FBD378C8-D1BA-4164-BA92-C10A410DB7A6}.Debug|Win32.ActiveCfg = Debug|Any CPU
		{FBD378C8-D1BA-4164-BA92-C10A410DB7A6}.Debug|Win32.Build.0 = Debug|Any CPU
		{FBD378C8-D1BA-4164-BA92-C10A410DB7A6}.Debug|x64.ActiveCfg = Debug|Any CPU
		{FBD378C8-D1BA-4164-BA92-C10A410DB7A6}.Debug|x64.Build.0 = Debug|Any CPU
		{FBD378C8-D1BA-4164-BA92-C10A410DB7A6}.Debug|x86.ActiveCfg = Debug|Any CPU
		{FBD378C8-D1BA-4164-BA92-C10A410DB7A6}.Debug|x86.Build.0 = Debug|Any CPU
		{FBD378C8-D1BA-4164-BA92-C10A410DB7A6}.Release|Any CPU.ActiveCfg = Release|Any CPU
		{FBD378C8-D1BA-4164-BA92-C10A410DB7A6}.Release|Any CPU.Build.0 = Release|Any CPU
		{FBD378C8-D1BA-4164-BA92-C10A410DB7A6}.Release|Mixed Platforms.ActiveCfg = Release|Any CPU
		{FBD378C8-D1BA-4164-BA92-C10A410DB7A6}.Release|Mixed Platforms.Build.0 = Release|Any CPU
		{FBD378C8-D1BA-4164-BA92-C10A410DB7A6}.Release|Win32.ActiveCfg = Release|Any CPU
		{FBD378C8-D1BA-4164-BA92-C10A410DB7A6}.Release|Win32.Build.0 = Release|Any CPU
		{FBD378C8-D1BA-4164-BA92-C10A410DB7A6}.Release|x64.ActiveCfg = Release|Any CPU
		{FBD378C8-D1BA-4164-BA92-C10A410DB7A6}.Release|x64.Build.0 = Release|Any CPU
		{FBD378C8-D1BA-4164-BA92-C10A410DB7A6}.Release|x86.ActiveCfg = Release|Any CPU
		{FBD378C8-D1BA-4164-BA92-C10A410DB7A6}.Release|x86.Build.0 = Release|Any CPU
		{223CA5C9-5E78-4D4F-9526-7D3DB42D9F5F}.Debug|Any CPU.ActiveCfg = Debug|Any CPU
		{223CA5C9-5E78-4D4F-9526-7D3DB42D9F5F}.Debug|Any CPU.Build.0 = Debug|Any CPU
		{223CA5C9-5E78-4D4F-9526-7D3DB42D9F5F}.Debug|Mixed Platforms.ActiveCfg = Debug|Any CPU
		{223CA5C9-5E78-4D4F-9526-7D3DB42D9F5F}.Debug|Mixed Platforms.Build.0 = Debug|Any CPU
		{223CA5C9-5E78-4D4F-9526-7D3DB42D9F5F}.Debug|Win32.ActiveCfg = Debug|Any CPU
		{223CA5C9-5E78-4D4F-9526-7D3DB42D9F5F}.Debug|Win32.Build.0 = Debug|Any CPU
		{223CA5C9-5E78-4D4F-9526-7D3DB42D9F5F}.Debug|x64.ActiveCfg = Debug|Any CPU
		{223CA5C9-5E78-4D4F-9526-7D3DB42D9F5F}.Debug|x64.Build.0 = Debug|Any CPU
		{223CA5C9-5E78-4D4F-9526-7D3DB42D9F5F}.Debug|x86.ActiveCfg = Debug|Any CPU
		{223CA5C9-5E78-4D4F-9526-7D3DB42D9F5F}.Debug|x86.Build.0 = Debug|Any CPU
		{223CA5C9-5E78-4D4F-9526-7D3DB42D9F5F}.Release|Any CPU.ActiveCfg = Release|Any CPU
		{223CA5C9-5E78-4D4F-9526-7D3DB42D9F5F}.Release|Any CPU.Build.0 = Release|Any CPU
		{223CA5C9-5E78-4D4F-9526-7D3DB42D9F5F}.Release|Mixed Platforms.ActiveCfg = Release|Any CPU
		{223CA5C9-5E78-4D4F-9526-7D3DB42D9F5F}.Release|Mixed Platforms.Build.0 = Release|Any CPU
		{223CA5C9-5E78-4D4F-9526-7D3DB42D9F5F}.Release|Win32.ActiveCfg = Release|Any CPU
		{223CA5C9-5E78-4D4F-9526-7D3DB42D9F5F}.Release|Win32.Build.0 = Release|Any CPU
		{223CA5C9-5E78-4D4F-9526-7D3DB42D9F5F}.Release|x64.ActiveCfg = Release|Any CPU
		{223CA5C9-5E78-4D4F-9526-7D3DB42D9F5F}.Release|x64.Build.0 = Release|Any CPU
		{223CA5C9-5E78-4D4F-9526-7D3DB42D9F5F}.Release|x86.ActiveCfg = Release|Any CPU
		{223CA5C9-5E78-4D4F-9526-7D3DB42D9F5F}.Release|x86.Build.0 = Release|Any CPU
		{6BDFF20E-128B-45BE-BD63-847FBB53F7AE}.Debug|Any CPU.ActiveCfg = Debug|Any CPU
		{6BDFF20E-128B-45BE-BD63-847FBB53F7AE}.Debug|Any CPU.Build.0 = Debug|Any CPU
		{6BDFF20E-128B-45BE-BD63-847FBB53F7AE}.Debug|Mixed Platforms.ActiveCfg = Debug|Any CPU
		{6BDFF20E-128B-45BE-BD63-847FBB53F7AE}.Debug|Mixed Platforms.Build.0 = Debug|Any CPU
		{6BDFF20E-128B-45BE-BD63-847FBB53F7AE}.Debug|Win32.ActiveCfg = Debug|Any CPU
		{6BDFF20E-128B-45BE-BD63-847FBB53F7AE}.Debug|Win32.Build.0 = Debug|Any CPU
		{6BDFF20E-128B-45BE-BD63-847FBB53F7AE}.Debug|x64.ActiveCfg = Debug|Any CPU
		{6BDFF20E-128B-45BE-BD63-847FBB53F7AE}.Debug|x64.Build.0 = Debug|Any CPU
		{6BDFF20E-128B-45BE-BD63-847FBB53F7AE}.Debug|x86.ActiveCfg = Debug|Any CPU
		{6BDFF20E-128B-45BE-BD63-847FBB53F7AE}.Debug|x86.Build.0 = Debug|Any CPU
		{6BDFF20E-128B-45BE-BD63-847FBB53F7AE}.Release|Any CPU.ActiveCfg = Release|Any CPU
		{6BDFF20E-128B-45BE-BD63-847FBB53F7AE}.Release|Any CPU.Build.0 = Release|Any CPU
		{6BDFF20E-128B-45BE-BD63-847FBB53F7AE}.Release|Mixed Platforms.ActiveCfg = Release|Any CPU
		{6BDFF20E-128B-45BE-BD63-847FBB53F7AE}.Release|Mixed Platforms.Build.0 = Release|Any CPU
		{6BDFF20E-128B-45BE-BD63-847FBB53F7AE}.Release|Win32.ActiveCfg = Release|Any CPU
		{6BDFF20E-128B-45BE-BD63-847FBB53F7AE}.Release|Win32.Build.0 = Release|Any CPU
		{6BDFF20E-128B-45BE-BD63-847FBB53F7AE}.Release|x64.ActiveCfg = Release|Any CPU
		{6BDFF20E-128B-45BE-BD63-847FBB53F7AE}.Release|x64.Build.0 = Release|Any CPU
		{6BDFF20E-128B-45BE-BD63-847FBB53F7AE}.Release|x86.ActiveCfg = Release|Any CPU
		{6BDFF20E-128B-45BE-BD63-847FBB53F7AE}.Release|x86.Build.0 = Release|Any CPU
		{87CF4276-426F-4CD4-9677-78F8D5149CFB}.Debug|Any CPU.ActiveCfg = Debug|Any CPU
		{87CF4276-426F-4CD4-9677-78F8D5149CFB}.Debug|Any CPU.Build.0 = Debug|Any CPU
		{87CF4276-426F-4CD4-9677-78F8D5149CFB}.Debug|Mixed Platforms.ActiveCfg = Debug|Any CPU
		{87CF4276-426F-4CD4-9677-78F8D5149CFB}.Debug|Mixed Platforms.Build.0 = Debug|Any CPU
		{87CF4276-426F-4CD4-9677-78F8D5149CFB}.Debug|Win32.ActiveCfg = Debug|Any CPU
		{87CF4276-426F-4CD4-9677-78F8D5149CFB}.Debug|Win32.Build.0 = Debug|Any CPU
		{87CF4276-426F-4CD4-9677-78F8D5149CFB}.Debug|x64.ActiveCfg = Debug|Any CPU
		{87CF4276-426F-4CD4-9677-78F8D5149CFB}.Debug|x64.Build.0 = Debug|Any CPU
		{87CF4276-426F-4CD4-9677-78F8D5149CFB}.Debug|x86.ActiveCfg = Debug|Any CPU
		{87CF4276-426F-4CD4-9677-78F8D5149CFB}.Debug|x86.Build.0 = Debug|Any CPU
		{87CF4276-426F-4CD4-9677-78F8D5149CFB}.Release|Any CPU.ActiveCfg = Release|Any CPU
		{87CF4276-426F-4CD4-9677-78F8D5149CFB}.Release|Any CPU.Build.0 = Release|Any CPU
		{87CF4276-426F-4CD4-9677-78F8D5149CFB}.Release|Mixed Platforms.ActiveCfg = Release|Any CPU
		{87CF4276-426F-4CD4-9677-78F8D5149CFB}.Release|Mixed Platforms.Build.0 = Release|Any CPU
		{87CF4276-426F-4CD4-9677-78F8D5149CFB}.Release|Win32.ActiveCfg = Release|Any CPU
		{87CF4276-426F-4CD4-9677-78F8D5149CFB}.Release|Win32.Build.0 = Release|Any CPU
		{87CF4276-426F-4CD4-9677-78F8D5149CFB}.Release|x64.ActiveCfg = Release|Any CPU
		{87CF4276-426F-4CD4-9677-78F8D5149CFB}.Release|x64.Build.0 = Release|Any CPU
		{87CF4276-426F-4CD4-9677-78F8D5149CFB}.Release|x86.ActiveCfg = Release|Any CPU
		{87CF4276-426F-4CD4-9677-78F8D5149CFB}.Release|x86.Build.0 = Release|Any CPU
		{2586938E-7773-4B01-8CD8-E81FEDB86AAF}.Debug|Any CPU.ActiveCfg = Debug|Any CPU
		{2586938E-7773-4B01-8CD8-E81FEDB86AAF}.Debug|Any CPU.Build.0 = Debug|Any CPU
		{2586938E-7773-4B01-8CD8-E81FEDB86AAF}.Debug|Mixed Platforms.ActiveCfg = Debug|Any CPU
		{2586938E-7773-4B01-8CD8-E81FEDB86AAF}.Debug|Mixed Platforms.Build.0 = Debug|Any CPU
		{2586938E-7773-4B01-8CD8-E81FEDB86AAF}.Debug|Win32.ActiveCfg = Debug|Any CPU
		{2586938E-7773-4B01-8CD8-E81FEDB86AAF}.Debug|Win32.Build.0 = Debug|Any CPU
		{2586938E-7773-4B01-8CD8-E81FEDB86AAF}.Debug|x64.ActiveCfg = Debug|Any CPU
		{2586938E-7773-4B01-8CD8-E81FEDB86AAF}.Debug|x64.Build.0 = Debug|Any CPU
		{2586938E-7773-4B01-8CD8-E81FEDB86AAF}.Debug|x86.ActiveCfg = Debug|Any CPU
		{2586938E-7773-4B01-8CD8-E81FEDB86AAF}.Debug|x86.Build.0 = Debug|Any CPU
		{2586938E-7773-4B01-8CD8-E81FEDB86AAF}.Release|Any CPU.ActiveCfg = Release|Any CPU
		{2586938E-7773-4B01-8CD8-E81FEDB86AAF}.Release|Any CPU.Build.0 = Release|Any CPU
		{2586938E-7773-4B01-8CD8-E81FEDB86AAF}.Release|Mixed Platforms.ActiveCfg = Release|Any CPU
		{2586938E-7773-4B01-8CD8-E81FEDB86AAF}.Release|Mixed Platforms.Build.0 = Release|Any CPU
		{2586938E-7773-4B01-8CD8-E81FEDB86AAF}.Release|Win32.ActiveCfg = Release|Any CPU
		{2586938E-7773-4B01-8CD8-E81FEDB86AAF}.Release|Win32.Build.0 = Release|Any CPU
		{2586938E-7773-4B01-8CD8-E81FEDB86AAF}.Release|x64.ActiveCfg = Release|Any CPU
		{2586938E-7773-4B01-8CD8-E81FEDB86AAF}.Release|x64.Build.0 = Release|Any CPU
		{2586938E-7773-4B01-8CD8-E81FEDB86AAF}.Release|x86.ActiveCfg = Release|Any CPU
		{2586938E-7773-4B01-8CD8-E81FEDB86AAF}.Release|x86.Build.0 = Release|Any CPU
		{172FD569-24F2-4F9B-B8EA-95789F36D8AB}.Debug|Any CPU.ActiveCfg = Debug|Any CPU
		{172FD569-24F2-4F9B-B8EA-95789F36D8AB}.Debug|Any CPU.Build.0 = Debug|Any CPU
		{172FD569-24F2-4F9B-B8EA-95789F36D8AB}.Debug|Mixed Platforms.ActiveCfg = Debug|Any CPU
		{172FD569-24F2-4F9B-B8EA-95789F36D8AB}.Debug|Mixed Platforms.Build.0 = Debug|Any CPU
		{172FD569-24F2-4F9B-B8EA-95789F36D8AB}.Debug|Win32.ActiveCfg = Debug|Any CPU
		{172FD569-24F2-4F9B-B8EA-95789F36D8AB}.Debug|Win32.Build.0 = Debug|Any CPU
		{172FD569-24F2-4F9B-B8EA-95789F36D8AB}.Debug|x64.ActiveCfg = Debug|Any CPU
		{172FD569-24F2-4F9B-B8EA-95789F36D8AB}.Debug|x64.Build.0 = Debug|Any CPU
		{172FD569-24F2-4F9B-B8EA-95789F36D8AB}.Debug|x86.ActiveCfg = Debug|Any CPU
		{172FD569-24F2-4F9B-B8EA-95789F36D8AB}.Debug|x86.Build.0 = Debug|Any CPU
		{172FD569-24F2-4F9B-B8EA-95789F36D8AB}.Release|Any CPU.ActiveCfg = Release|Any CPU
		{172FD569-24F2-4F9B-B8EA-95789F36D8AB}.Release|Any CPU.Build.0 = Release|Any CPU
		{172FD569-24F2-4F9B-B8EA-95789F36D8AB}.Release|Mixed Platforms.ActiveCfg = Release|Any CPU
		{172FD569-24F2-4F9B-B8EA-95789F36D8AB}.Release|Mixed Platforms.Build.0 = Release|Any CPU
		{172FD569-24F2-4F9B-B8EA-95789F36D8AB}.Release|Win32.ActiveCfg = Release|Any CPU
		{172FD569-24F2-4F9B-B8EA-95789F36D8AB}.Release|Win32.Build.0 = Release|Any CPU
		{172FD569-24F2-4F9B-B8EA-95789F36D8AB}.Release|x64.ActiveCfg = Release|Any CPU
		{172FD569-24F2-4F9B-B8EA-95789F36D8AB}.Release|x64.Build.0 = Release|Any CPU
		{172FD569-24F2-4F9B-B8EA-95789F36D8AB}.Release|x86.ActiveCfg = Release|Any CPU
		{172FD569-24F2-4F9B-B8EA-95789F36D8AB}.Release|x86.Build.0 = Release|Any CPU
		{00E48516-965D-4E4B-9A77-BA0D41277F21}.Debug|Any CPU.ActiveCfg = Debug|Any CPU
		{00E48516-965D-4E4B-9A77-BA0D41277F21}.Debug|Any CPU.Build.0 = Debug|Any CPU
		{00E48516-965D-4E4B-9A77-BA0D41277F21}.Debug|Mixed Platforms.ActiveCfg = Debug|Any CPU
		{00E48516-965D-4E4B-9A77-BA0D41277F21}.Debug|Mixed Platforms.Build.0 = Debug|Any CPU
		{00E48516-965D-4E4B-9A77-BA0D41277F21}.Debug|Win32.ActiveCfg = Debug|Any CPU
		{00E48516-965D-4E4B-9A77-BA0D41277F21}.Debug|Win32.Build.0 = Debug|Any CPU
		{00E48516-965D-4E4B-9A77-BA0D41277F21}.Debug|x64.ActiveCfg = Debug|Any CPU
		{00E48516-965D-4E4B-9A77-BA0D41277F21}.Debug|x64.Build.0 = Debug|Any CPU
		{00E48516-965D-4E4B-9A77-BA0D41277F21}.Debug|x86.ActiveCfg = Debug|Any CPU
		{00E48516-965D-4E4B-9A77-BA0D41277F21}.Debug|x86.Build.0 = Debug|Any CPU
		{00E48516-965D-4E4B-9A77-BA0D41277F21}.Release|Any CPU.ActiveCfg = Release|Any CPU
		{00E48516-965D-4E4B-9A77-BA0D41277F21}.Release|Any CPU.Build.0 = Release|Any CPU
		{00E48516-965D-4E4B-9A77-BA0D41277F21}.Release|Mixed Platforms.ActiveCfg = Release|Any CPU
		{00E48516-965D-4E4B-9A77-BA0D41277F21}.Release|Mixed Platforms.Build.0 = Release|Any CPU
		{00E48516-965D-4E4B-9A77-BA0D41277F21}.Release|Win32.ActiveCfg = Release|Any CPU
		{00E48516-965D-4E4B-9A77-BA0D41277F21}.Release|Win32.Build.0 = Release|Any CPU
		{00E48516-965D-4E4B-9A77-BA0D41277F21}.Release|x64.ActiveCfg = Release|Any CPU
		{00E48516-965D-4E4B-9A77-BA0D41277F21}.Release|x64.Build.0 = Release|Any CPU
		{00E48516-965D-4E4B-9A77-BA0D41277F21}.Release|x86.ActiveCfg = Release|Any CPU
		{00E48516-965D-4E4B-9A77-BA0D41277F21}.Release|x86.Build.0 = Release|Any CPU
		{36C63719-EBB7-4D02-8221-CF90397C0095}.Debug|Any CPU.ActiveCfg = Debug|Any CPU
		{36C63719-EBB7-4D02-8221-CF90397C0095}.Debug|Any CPU.Build.0 = Debug|Any CPU
		{36C63719-EBB7-4D02-8221-CF90397C0095}.Debug|Mixed Platforms.ActiveCfg = Debug|Any CPU
		{36C63719-EBB7-4D02-8221-CF90397C0095}.Debug|Mixed Platforms.Build.0 = Debug|Any CPU
		{36C63719-EBB7-4D02-8221-CF90397C0095}.Debug|Win32.ActiveCfg = Debug|Any CPU
		{36C63719-EBB7-4D02-8221-CF90397C0095}.Debug|Win32.Build.0 = Debug|Any CPU
		{36C63719-EBB7-4D02-8221-CF90397C0095}.Debug|x64.ActiveCfg = Debug|Any CPU
		{36C63719-EBB7-4D02-8221-CF90397C0095}.Debug|x64.Build.0 = Debug|Any CPU
		{36C63719-EBB7-4D02-8221-CF90397C0095}.Debug|x86.ActiveCfg = Debug|Any CPU
		{36C63719-EBB7-4D02-8221-CF90397C0095}.Debug|x86.Build.0 = Debug|Any CPU
		{36C63719-EBB7-4D02-8221-CF90397C0095}.Release|Any CPU.ActiveCfg = Release|Any CPU
		{36C63719-EBB7-4D02-8221-CF90397C0095}.Release|Any CPU.Build.0 = Release|Any CPU
		{36C63719-EBB7-4D02-8221-CF90397C0095}.Release|Mixed Platforms.ActiveCfg = Release|Any CPU
		{36C63719-EBB7-4D02-8221-CF90397C0095}.Release|Mixed Platforms.Build.0 = Release|Any CPU
		{36C63719-EBB7-4D02-8221-CF90397C0095}.Release|Win32.ActiveCfg = Release|Any CPU
		{36C63719-EBB7-4D02-8221-CF90397C0095}.Release|Win32.Build.0 = Release|Any CPU
		{36C63719-EBB7-4D02-8221-CF90397C0095}.Release|x64.ActiveCfg = Release|Any CPU
		{36C63719-EBB7-4D02-8221-CF90397C0095}.Release|x64.Build.0 = Release|Any CPU
		{36C63719-EBB7-4D02-8221-CF90397C0095}.Release|x86.ActiveCfg = Release|Any CPU
		{36C63719-EBB7-4D02-8221-CF90397C0095}.Release|x86.Build.0 = Release|Any CPU
		{71701636-7807-4838-8F94-CD1D7232E09C}.Debug|Any CPU.ActiveCfg = Debug|Any CPU
		{71701636-7807-4838-8F94-CD1D7232E09C}.Debug|Any CPU.Build.0 = Debug|Any CPU
		{71701636-7807-4838-8F94-CD1D7232E09C}.Debug|Mixed Platforms.ActiveCfg = Debug|Any CPU
		{71701636-7807-4838-8F94-CD1D7232E09C}.Debug|Mixed Platforms.Build.0 = Debug|Any CPU
		{71701636-7807-4838-8F94-CD1D7232E09C}.Debug|Win32.ActiveCfg = Debug|Any CPU
		{71701636-7807-4838-8F94-CD1D7232E09C}.Debug|x64.ActiveCfg = Debug|x64
		{71701636-7807-4838-8F94-CD1D7232E09C}.Debug|x64.Build.0 = Debug|x64
		{71701636-7807-4838-8F94-CD1D7232E09C}.Debug|x86.ActiveCfg = Debug|Any CPU
		{71701636-7807-4838-8F94-CD1D7232E09C}.Debug|x86.Build.0 = Debug|Any CPU
		{71701636-7807-4838-8F94-CD1D7232E09C}.Release|Any CPU.ActiveCfg = Release|Any CPU
		{71701636-7807-4838-8F94-CD1D7232E09C}.Release|Any CPU.Build.0 = Release|Any CPU
		{71701636-7807-4838-8F94-CD1D7232E09C}.Release|Mixed Platforms.ActiveCfg = Release|Any CPU
		{71701636-7807-4838-8F94-CD1D7232E09C}.Release|Mixed Platforms.Build.0 = Release|Any CPU
		{71701636-7807-4838-8F94-CD1D7232E09C}.Release|Win32.ActiveCfg = Release|Any CPU
		{71701636-7807-4838-8F94-CD1D7232E09C}.Release|Win32.Build.0 = Release|Any CPU
		{71701636-7807-4838-8F94-CD1D7232E09C}.Release|x64.ActiveCfg = Release|x64
		{71701636-7807-4838-8F94-CD1D7232E09C}.Release|x64.Build.0 = Release|x64
		{71701636-7807-4838-8F94-CD1D7232E09C}.Release|x86.ActiveCfg = Release|Any CPU
		{71701636-7807-4838-8F94-CD1D7232E09C}.Release|x86.Build.0 = Release|Any CPU
		{24F6CD3F-F7C9-449D-88CC-B83E8ECD97D9}.Debug|Any CPU.ActiveCfg = Debug|Win32
		{24F6CD3F-F7C9-449D-88CC-B83E8ECD97D9}.Debug|Any CPU.Build.0 = Debug|Win32
		{24F6CD3F-F7C9-449D-88CC-B83E8ECD97D9}.Debug|Mixed Platforms.ActiveCfg = Debug|Win32
		{24F6CD3F-F7C9-449D-88CC-B83E8ECD97D9}.Debug|Mixed Platforms.Build.0 = Debug|Win32
		{24F6CD3F-F7C9-449D-88CC-B83E8ECD97D9}.Debug|Win32.ActiveCfg = Debug|Win32
		{24F6CD3F-F7C9-449D-88CC-B83E8ECD97D9}.Debug|Win32.Build.0 = Debug|Win32
		{24F6CD3F-F7C9-449D-88CC-B83E8ECD97D9}.Debug|x64.ActiveCfg = Debug|x64
		{24F6CD3F-F7C9-449D-88CC-B83E8ECD97D9}.Debug|x64.Build.0 = Debug|x64
		{24F6CD3F-F7C9-449D-88CC-B83E8ECD97D9}.Debug|x86.ActiveCfg = Debug|Win32
		{24F6CD3F-F7C9-449D-88CC-B83E8ECD97D9}.Debug|x86.Build.0 = Debug|Win32
		{24F6CD3F-F7C9-449D-88CC-B83E8ECD97D9}.Release|Any CPU.ActiveCfg = Release|Win32
		{24F6CD3F-F7C9-449D-88CC-B83E8ECD97D9}.Release|Any CPU.Build.0 = Release|Win32
		{24F6CD3F-F7C9-449D-88CC-B83E8ECD97D9}.Release|Mixed Platforms.ActiveCfg = Release|Win32
		{24F6CD3F-F7C9-449D-88CC-B83E8ECD97D9}.Release|Mixed Platforms.Build.0 = Release|Win32
		{24F6CD3F-F7C9-449D-88CC-B83E8ECD97D9}.Release|Win32.ActiveCfg = Release|Win32
		{24F6CD3F-F7C9-449D-88CC-B83E8ECD97D9}.Release|Win32.Build.0 = Release|Win32
		{24F6CD3F-F7C9-449D-88CC-B83E8ECD97D9}.Release|x64.ActiveCfg = Release|Win32
		{24F6CD3F-F7C9-449D-88CC-B83E8ECD97D9}.Release|x64.Build.0 = Release|Win32
		{24F6CD3F-F7C9-449D-88CC-B83E8ECD97D9}.Release|x86.ActiveCfg = Release|Win32
		{24F6CD3F-F7C9-449D-88CC-B83E8ECD97D9}.Release|x86.Build.0 = Release|Win32
		{114945EB-C8B1-4B1A-9249-F0750545BA3E}.Debug|Any CPU.ActiveCfg = Debug|Any CPU
		{114945EB-C8B1-4B1A-9249-F0750545BA3E}.Debug|Any CPU.Build.0 = Debug|Any CPU
		{114945EB-C8B1-4B1A-9249-F0750545BA3E}.Debug|Mixed Platforms.ActiveCfg = Debug|Any CPU
		{114945EB-C8B1-4B1A-9249-F0750545BA3E}.Debug|Mixed Platforms.Build.0 = Debug|Any CPU
		{114945EB-C8B1-4B1A-9249-F0750545BA3E}.Debug|Win32.ActiveCfg = Debug|Any CPU
		{114945EB-C8B1-4B1A-9249-F0750545BA3E}.Debug|Win32.Build.0 = Debug|Any CPU
		{114945EB-C8B1-4B1A-9249-F0750545BA3E}.Debug|x64.ActiveCfg = Debug|Any CPU
		{114945EB-C8B1-4B1A-9249-F0750545BA3E}.Debug|x64.Build.0 = Debug|Any CPU
		{114945EB-C8B1-4B1A-9249-F0750545BA3E}.Debug|x86.ActiveCfg = Debug|x86
		{114945EB-C8B1-4B1A-9249-F0750545BA3E}.Debug|x86.Build.0 = Debug|x86
		{114945EB-C8B1-4B1A-9249-F0750545BA3E}.Release|Any CPU.ActiveCfg = Release|Any CPU
		{114945EB-C8B1-4B1A-9249-F0750545BA3E}.Release|Any CPU.Build.0 = Release|Any CPU
		{114945EB-C8B1-4B1A-9249-F0750545BA3E}.Release|Mixed Platforms.ActiveCfg = Release|Any CPU
		{114945EB-C8B1-4B1A-9249-F0750545BA3E}.Release|Mixed Platforms.Build.0 = Release|Any CPU
		{114945EB-C8B1-4B1A-9249-F0750545BA3E}.Release|Win32.ActiveCfg = Release|Any CPU
		{114945EB-C8B1-4B1A-9249-F0750545BA3E}.Release|Win32.Build.0 = Release|Any CPU
		{114945EB-C8B1-4B1A-9249-F0750545BA3E}.Release|x64.ActiveCfg = Release|Any CPU
		{114945EB-C8B1-4B1A-9249-F0750545BA3E}.Release|x64.Build.0 = Release|Any CPU
		{114945EB-C8B1-4B1A-9249-F0750545BA3E}.Release|x86.ActiveCfg = Release|x86
		{114945EB-C8B1-4B1A-9249-F0750545BA3E}.Release|x86.Build.0 = Release|x86
		{EBBB8EC6-CD2D-4B37-847E-E52993319A6D}.Debug|Any CPU.ActiveCfg = Debug|Any CPU
		{EBBB8EC6-CD2D-4B37-847E-E52993319A6D}.Debug|Any CPU.Build.0 = Debug|Any CPU
		{EBBB8EC6-CD2D-4B37-847E-E52993319A6D}.Debug|Mixed Platforms.ActiveCfg = Debug|Any CPU
		{EBBB8EC6-CD2D-4B37-847E-E52993319A6D}.Debug|Mixed Platforms.Build.0 = Debug|Any CPU
		{EBBB8EC6-CD2D-4B37-847E-E52993319A6D}.Debug|Win32.ActiveCfg = Debug|Any CPU
		{EBBB8EC6-CD2D-4B37-847E-E52993319A6D}.Debug|Win32.Build.0 = Debug|Any CPU
		{EBBB8EC6-CD2D-4B37-847E-E52993319A6D}.Debug|x64.ActiveCfg = Debug|Any CPU
		{EBBB8EC6-CD2D-4B37-847E-E52993319A6D}.Debug|x64.Build.0 = Debug|Any CPU
		{EBBB8EC6-CD2D-4B37-847E-E52993319A6D}.Debug|x86.ActiveCfg = Debug|Any CPU
		{EBBB8EC6-CD2D-4B37-847E-E52993319A6D}.Debug|x86.Build.0 = Debug|Any CPU
		{EBBB8EC6-CD2D-4B37-847E-E52993319A6D}.Release|Any CPU.ActiveCfg = Release|Any CPU
		{EBBB8EC6-CD2D-4B37-847E-E52993319A6D}.Release|Any CPU.Build.0 = Release|Any CPU
		{EBBB8EC6-CD2D-4B37-847E-E52993319A6D}.Release|Mixed Platforms.ActiveCfg = Release|Any CPU
		{EBBB8EC6-CD2D-4B37-847E-E52993319A6D}.Release|Mixed Platforms.Build.0 = Release|Any CPU
		{EBBB8EC6-CD2D-4B37-847E-E52993319A6D}.Release|Win32.ActiveCfg = Release|Any CPU
		{EBBB8EC6-CD2D-4B37-847E-E52993319A6D}.Release|Win32.Build.0 = Release|Any CPU
		{EBBB8EC6-CD2D-4B37-847E-E52993319A6D}.Release|x64.ActiveCfg = Release|Any CPU
		{EBBB8EC6-CD2D-4B37-847E-E52993319A6D}.Release|x64.Build.0 = Release|Any CPU
		{EBBB8EC6-CD2D-4B37-847E-E52993319A6D}.Release|x86.ActiveCfg = Release|Any CPU
		{EBBB8EC6-CD2D-4B37-847E-E52993319A6D}.Release|x86.Build.0 = Release|Any CPU
		{D594DB24-697B-4DA5-B6DB-B2F0BDDF4473}.Debug|Any CPU.ActiveCfg = Debug|Any CPU
		{D594DB24-697B-4DA5-B6DB-B2F0BDDF4473}.Debug|Any CPU.Build.0 = Debug|Any CPU
		{D594DB24-697B-4DA5-B6DB-B2F0BDDF4473}.Debug|Mixed Platforms.ActiveCfg = Debug|Any CPU
		{D594DB24-697B-4DA5-B6DB-B2F0BDDF4473}.Debug|Mixed Platforms.Build.0 = Debug|Any CPU
		{D594DB24-697B-4DA5-B6DB-B2F0BDDF4473}.Debug|Win32.ActiveCfg = Debug|Any CPU
		{D594DB24-697B-4DA5-B6DB-B2F0BDDF4473}.Debug|Win32.Build.0 = Debug|Any CPU
		{D594DB24-697B-4DA5-B6DB-B2F0BDDF4473}.Debug|x64.ActiveCfg = Debug|Any CPU
		{D594DB24-697B-4DA5-B6DB-B2F0BDDF4473}.Debug|x64.Build.0 = Debug|Any CPU
		{D594DB24-697B-4DA5-B6DB-B2F0BDDF4473}.Debug|x86.ActiveCfg = Debug|Any CPU
		{D594DB24-697B-4DA5-B6DB-B2F0BDDF4473}.Debug|x86.Build.0 = Debug|Any CPU
		{D594DB24-697B-4DA5-B6DB-B2F0BDDF4473}.Release|Any CPU.ActiveCfg = Release|Any CPU
		{D594DB24-697B-4DA5-B6DB-B2F0BDDF4473}.Release|Any CPU.Build.0 = Release|Any CPU
		{D594DB24-697B-4DA5-B6DB-B2F0BDDF4473}.Release|Mixed Platforms.ActiveCfg = Release|Any CPU
		{D594DB24-697B-4DA5-B6DB-B2F0BDDF4473}.Release|Mixed Platforms.Build.0 = Release|Any CPU
		{D594DB24-697B-4DA5-B6DB-B2F0BDDF4473}.Release|Win32.ActiveCfg = Release|Any CPU
		{D594DB24-697B-4DA5-B6DB-B2F0BDDF4473}.Release|Win32.Build.0 = Release|Any CPU
		{D594DB24-697B-4DA5-B6DB-B2F0BDDF4473}.Release|x64.ActiveCfg = Release|Any CPU
		{D594DB24-697B-4DA5-B6DB-B2F0BDDF4473}.Release|x64.Build.0 = Release|Any CPU
		{D594DB24-697B-4DA5-B6DB-B2F0BDDF4473}.Release|x86.ActiveCfg = Release|Any CPU
		{D594DB24-697B-4DA5-B6DB-B2F0BDDF4473}.Release|x86.Build.0 = Release|Any CPU
		{BB0DD9D9-C910-440E-8E5F-9E7D0947E6FE}.Debug|Any CPU.ActiveCfg = Debug|Any CPU
		{BB0DD9D9-C910-440E-8E5F-9E7D0947E6FE}.Debug|Any CPU.Build.0 = Debug|Any CPU
		{BB0DD9D9-C910-440E-8E5F-9E7D0947E6FE}.Debug|Mixed Platforms.ActiveCfg = Debug|Any CPU
		{BB0DD9D9-C910-440E-8E5F-9E7D0947E6FE}.Debug|Mixed Platforms.Build.0 = Debug|Any CPU
		{BB0DD9D9-C910-440E-8E5F-9E7D0947E6FE}.Debug|Win32.ActiveCfg = Debug|Any CPU
		{BB0DD9D9-C910-440E-8E5F-9E7D0947E6FE}.Debug|Win32.Build.0 = Debug|Any CPU
		{BB0DD9D9-C910-440E-8E5F-9E7D0947E6FE}.Debug|x64.ActiveCfg = Debug|Any CPU
		{BB0DD9D9-C910-440E-8E5F-9E7D0947E6FE}.Debug|x64.Build.0 = Debug|Any CPU
		{BB0DD9D9-C910-440E-8E5F-9E7D0947E6FE}.Debug|x86.ActiveCfg = Debug|Any CPU
		{BB0DD9D9-C910-440E-8E5F-9E7D0947E6FE}.Debug|x86.Build.0 = Debug|Any CPU
		{BB0DD9D9-C910-440E-8E5F-9E7D0947E6FE}.Release|Any CPU.ActiveCfg = Release|Any CPU
		{BB0DD9D9-C910-440E-8E5F-9E7D0947E6FE}.Release|Any CPU.Build.0 = Release|Any CPU
		{BB0DD9D9-C910-440E-8E5F-9E7D0947E6FE}.Release|Mixed Platforms.ActiveCfg = Release|Any CPU
		{BB0DD9D9-C910-440E-8E5F-9E7D0947E6FE}.Release|Mixed Platforms.Build.0 = Release|Any CPU
		{BB0DD9D9-C910-440E-8E5F-9E7D0947E6FE}.Release|Win32.ActiveCfg = Release|Any CPU
		{BB0DD9D9-C910-440E-8E5F-9E7D0947E6FE}.Release|Win32.Build.0 = Release|Any CPU
		{BB0DD9D9-C910-440E-8E5F-9E7D0947E6FE}.Release|x64.ActiveCfg = Release|Any CPU
		{BB0DD9D9-C910-440E-8E5F-9E7D0947E6FE}.Release|x64.Build.0 = Release|Any CPU
		{BB0DD9D9-C910-440E-8E5F-9E7D0947E6FE}.Release|x86.ActiveCfg = Release|Any CPU
		{BB0DD9D9-C910-440E-8E5F-9E7D0947E6FE}.Release|x86.Build.0 = Release|Any CPU
		{61BC0E7C-818F-448D-A6E3-BA7D533F9035}.Debug|Any CPU.ActiveCfg = Debug|Any CPU
		{61BC0E7C-818F-448D-A6E3-BA7D533F9035}.Debug|Any CPU.Build.0 = Debug|Any CPU
		{61BC0E7C-818F-448D-A6E3-BA7D533F9035}.Debug|Mixed Platforms.ActiveCfg = Debug|Any CPU
		{61BC0E7C-818F-448D-A6E3-BA7D533F9035}.Debug|Mixed Platforms.Build.0 = Debug|Any CPU
		{61BC0E7C-818F-448D-A6E3-BA7D533F9035}.Debug|Win32.ActiveCfg = Debug|Any CPU
		{61BC0E7C-818F-448D-A6E3-BA7D533F9035}.Debug|Win32.Build.0 = Debug|Any CPU
		{61BC0E7C-818F-448D-A6E3-BA7D533F9035}.Debug|x64.ActiveCfg = Debug|Any CPU
		{61BC0E7C-818F-448D-A6E3-BA7D533F9035}.Debug|x64.Build.0 = Debug|Any CPU
		{61BC0E7C-818F-448D-A6E3-BA7D533F9035}.Debug|x86.ActiveCfg = Debug|Any CPU
		{61BC0E7C-818F-448D-A6E3-BA7D533F9035}.Debug|x86.Build.0 = Debug|Any CPU
		{61BC0E7C-818F-448D-A6E3-BA7D533F9035}.Release|Any CPU.ActiveCfg = Release|Any CPU
		{61BC0E7C-818F-448D-A6E3-BA7D533F9035}.Release|Any CPU.Build.0 = Release|Any CPU
		{61BC0E7C-818F-448D-A6E3-BA7D533F9035}.Release|Mixed Platforms.ActiveCfg = Release|Any CPU
		{61BC0E7C-818F-448D-A6E3-BA7D533F9035}.Release|Mixed Platforms.Build.0 = Release|Any CPU
		{61BC0E7C-818F-448D-A6E3-BA7D533F9035}.Release|Win32.ActiveCfg = Release|Any CPU
		{61BC0E7C-818F-448D-A6E3-BA7D533F9035}.Release|Win32.Build.0 = Release|Any CPU
		{61BC0E7C-818F-448D-A6E3-BA7D533F9035}.Release|x64.ActiveCfg = Release|Any CPU
		{61BC0E7C-818F-448D-A6E3-BA7D533F9035}.Release|x64.Build.0 = Release|Any CPU
		{61BC0E7C-818F-448D-A6E3-BA7D533F9035}.Release|x86.ActiveCfg = Release|Any CPU
		{61BC0E7C-818F-448D-A6E3-BA7D533F9035}.Release|x86.Build.0 = Release|Any CPU
		{7942F2C7-F592-4CF6-9F7B-D60808AAF7A0}.Debug|Any CPU.ActiveCfg = Debug|Any CPU
		{7942F2C7-F592-4CF6-9F7B-D60808AAF7A0}.Debug|Any CPU.Build.0 = Debug|Any CPU
		{7942F2C7-F592-4CF6-9F7B-D60808AAF7A0}.Debug|Mixed Platforms.ActiveCfg = Debug|Any CPU
		{7942F2C7-F592-4CF6-9F7B-D60808AAF7A0}.Debug|Mixed Platforms.Build.0 = Debug|Any CPU
		{7942F2C7-F592-4CF6-9F7B-D60808AAF7A0}.Debug|Win32.ActiveCfg = Debug|Any CPU
		{7942F2C7-F592-4CF6-9F7B-D60808AAF7A0}.Debug|Win32.Build.0 = Debug|Any CPU
		{7942F2C7-F592-4CF6-9F7B-D60808AAF7A0}.Debug|x64.ActiveCfg = Debug|Any CPU
		{7942F2C7-F592-4CF6-9F7B-D60808AAF7A0}.Debug|x64.Build.0 = Debug|Any CPU
		{7942F2C7-F592-4CF6-9F7B-D60808AAF7A0}.Debug|x86.ActiveCfg = Debug|Any CPU
		{7942F2C7-F592-4CF6-9F7B-D60808AAF7A0}.Debug|x86.Build.0 = Debug|Any CPU
		{7942F2C7-F592-4CF6-9F7B-D60808AAF7A0}.Release|Any CPU.ActiveCfg = Release|Any CPU
		{7942F2C7-F592-4CF6-9F7B-D60808AAF7A0}.Release|Any CPU.Build.0 = Release|Any CPU
		{7942F2C7-F592-4CF6-9F7B-D60808AAF7A0}.Release|Mixed Platforms.ActiveCfg = Release|Any CPU
		{7942F2C7-F592-4CF6-9F7B-D60808AAF7A0}.Release|Mixed Platforms.Build.0 = Release|Any CPU
		{7942F2C7-F592-4CF6-9F7B-D60808AAF7A0}.Release|Win32.ActiveCfg = Release|Any CPU
		{7942F2C7-F592-4CF6-9F7B-D60808AAF7A0}.Release|Win32.Build.0 = Release|Any CPU
		{7942F2C7-F592-4CF6-9F7B-D60808AAF7A0}.Release|x64.ActiveCfg = Release|Any CPU
		{7942F2C7-F592-4CF6-9F7B-D60808AAF7A0}.Release|x64.Build.0 = Release|Any CPU
		{7942F2C7-F592-4CF6-9F7B-D60808AAF7A0}.Release|x86.ActiveCfg = Release|Any CPU
		{7942F2C7-F592-4CF6-9F7B-D60808AAF7A0}.Release|x86.Build.0 = Release|Any CPU
		{5A8EAACF-D978-4369-BE39-8D96E5E1E797}.Debug|Any CPU.ActiveCfg = Debug|Any CPU
		{5A8EAACF-D978-4369-BE39-8D96E5E1E797}.Debug|Any CPU.Build.0 = Debug|Any CPU
		{5A8EAACF-D978-4369-BE39-8D96E5E1E797}.Debug|Mixed Platforms.ActiveCfg = Debug|Any CPU
		{5A8EAACF-D978-4369-BE39-8D96E5E1E797}.Debug|Mixed Platforms.Build.0 = Debug|Any CPU
		{5A8EAACF-D978-4369-BE39-8D96E5E1E797}.Debug|Win32.ActiveCfg = Debug|Any CPU
		{5A8EAACF-D978-4369-BE39-8D96E5E1E797}.Debug|Win32.Build.0 = Debug|Any CPU
		{5A8EAACF-D978-4369-BE39-8D96E5E1E797}.Debug|x64.ActiveCfg = Debug|Any CPU
		{5A8EAACF-D978-4369-BE39-8D96E5E1E797}.Debug|x64.Build.0 = Debug|Any CPU
		{5A8EAACF-D978-4369-BE39-8D96E5E1E797}.Debug|x86.ActiveCfg = Debug|Any CPU
		{5A8EAACF-D978-4369-BE39-8D96E5E1E797}.Debug|x86.Build.0 = Debug|Any CPU
		{5A8EAACF-D978-4369-BE39-8D96E5E1E797}.Release|Any CPU.ActiveCfg = Release|Any CPU
		{5A8EAACF-D978-4369-BE39-8D96E5E1E797}.Release|Any CPU.Build.0 = Release|Any CPU
		{5A8EAACF-D978-4369-BE39-8D96E5E1E797}.Release|Mixed Platforms.ActiveCfg = Release|Any CPU
		{5A8EAACF-D978-4369-BE39-8D96E5E1E797}.Release|Mixed Platforms.Build.0 = Release|Any CPU
		{5A8EAACF-D978-4369-BE39-8D96E5E1E797}.Release|Win32.ActiveCfg = Release|Any CPU
		{5A8EAACF-D978-4369-BE39-8D96E5E1E797}.Release|Win32.Build.0 = Release|Any CPU
		{5A8EAACF-D978-4369-BE39-8D96E5E1E797}.Release|x64.ActiveCfg = Release|Any CPU
		{5A8EAACF-D978-4369-BE39-8D96E5E1E797}.Release|x64.Build.0 = Release|Any CPU
		{5A8EAACF-D978-4369-BE39-8D96E5E1E797}.Release|x86.ActiveCfg = Release|Any CPU
		{5A8EAACF-D978-4369-BE39-8D96E5E1E797}.Release|x86.Build.0 = Release|Any CPU
		{06E5E1B2-C25F-40DA-B089-2D977A864D97}.Debug|Any CPU.ActiveCfg = Debug|Any CPU
		{06E5E1B2-C25F-40DA-B089-2D977A864D97}.Debug|Any CPU.Build.0 = Debug|Any CPU
		{06E5E1B2-C25F-40DA-B089-2D977A864D97}.Debug|Mixed Platforms.ActiveCfg = Debug|Any CPU
		{06E5E1B2-C25F-40DA-B089-2D977A864D97}.Debug|Mixed Platforms.Build.0 = Debug|Any CPU
		{06E5E1B2-C25F-40DA-B089-2D977A864D97}.Debug|Win32.ActiveCfg = Debug|Any CPU
		{06E5E1B2-C25F-40DA-B089-2D977A864D97}.Debug|Win32.Build.0 = Debug|Any CPU
		{06E5E1B2-C25F-40DA-B089-2D977A864D97}.Debug|x64.ActiveCfg = Debug|Any CPU
		{06E5E1B2-C25F-40DA-B089-2D977A864D97}.Debug|x64.Build.0 = Debug|Any CPU
		{06E5E1B2-C25F-40DA-B089-2D977A864D97}.Debug|x86.ActiveCfg = Debug|Any CPU
		{06E5E1B2-C25F-40DA-B089-2D977A864D97}.Debug|x86.Build.0 = Debug|Any CPU
		{06E5E1B2-C25F-40DA-B089-2D977A864D97}.Release|Any CPU.ActiveCfg = Release|Any CPU
		{06E5E1B2-C25F-40DA-B089-2D977A864D97}.Release|Any CPU.Build.0 = Release|Any CPU
		{06E5E1B2-C25F-40DA-B089-2D977A864D97}.Release|Mixed Platforms.ActiveCfg = Release|Any CPU
		{06E5E1B2-C25F-40DA-B089-2D977A864D97}.Release|Mixed Platforms.Build.0 = Release|Any CPU
		{06E5E1B2-C25F-40DA-B089-2D977A864D97}.Release|Win32.ActiveCfg = Release|Any CPU
		{06E5E1B2-C25F-40DA-B089-2D977A864D97}.Release|Win32.Build.0 = Release|Any CPU
		{06E5E1B2-C25F-40DA-B089-2D977A864D97}.Release|x64.ActiveCfg = Release|Any CPU
		{06E5E1B2-C25F-40DA-B089-2D977A864D97}.Release|x64.Build.0 = Release|Any CPU
		{06E5E1B2-C25F-40DA-B089-2D977A864D97}.Release|x86.ActiveCfg = Release|Any CPU
		{06E5E1B2-C25F-40DA-B089-2D977A864D97}.Release|x86.Build.0 = Release|Any CPU
		{C445BD96-64A5-49A7-8AA9-FB062713BB85}.Debug|Any CPU.ActiveCfg = Debug|Any CPU
		{C445BD96-64A5-49A7-8AA9-FB062713BB85}.Debug|Any CPU.Build.0 = Debug|Any CPU
		{C445BD96-64A5-49A7-8AA9-FB062713BB85}.Debug|Mixed Platforms.ActiveCfg = Debug|Any CPU
		{C445BD96-64A5-49A7-8AA9-FB062713BB85}.Debug|Mixed Platforms.Build.0 = Debug|Any CPU
		{C445BD96-64A5-49A7-8AA9-FB062713BB85}.Debug|Win32.ActiveCfg = Debug|Any CPU
		{C445BD96-64A5-49A7-8AA9-FB062713BB85}.Debug|Win32.Build.0 = Debug|Any CPU
		{C445BD96-64A5-49A7-8AA9-FB062713BB85}.Debug|x64.ActiveCfg = Debug|Any CPU
		{C445BD96-64A5-49A7-8AA9-FB062713BB85}.Debug|x64.Build.0 = Debug|Any CPU
		{C445BD96-64A5-49A7-8AA9-FB062713BB85}.Debug|x86.ActiveCfg = Debug|Any CPU
		{C445BD96-64A5-49A7-8AA9-FB062713BB85}.Debug|x86.Build.0 = Debug|Any CPU
		{C445BD96-64A5-49A7-8AA9-FB062713BB85}.Release|Any CPU.ActiveCfg = Release|Any CPU
		{C445BD96-64A5-49A7-8AA9-FB062713BB85}.Release|Any CPU.Build.0 = Release|Any CPU
		{C445BD96-64A5-49A7-8AA9-FB062713BB85}.Release|Mixed Platforms.ActiveCfg = Release|Any CPU
		{C445BD96-64A5-49A7-8AA9-FB062713BB85}.Release|Mixed Platforms.Build.0 = Release|Any CPU
		{C445BD96-64A5-49A7-8AA9-FB062713BB85}.Release|Win32.ActiveCfg = Release|Any CPU
		{C445BD96-64A5-49A7-8AA9-FB062713BB85}.Release|Win32.Build.0 = Release|Any CPU
		{C445BD96-64A5-49A7-8AA9-FB062713BB85}.Release|x64.ActiveCfg = Release|Any CPU
		{C445BD96-64A5-49A7-8AA9-FB062713BB85}.Release|x64.Build.0 = Release|Any CPU
		{C445BD96-64A5-49A7-8AA9-FB062713BB85}.Release|x86.ActiveCfg = Release|Any CPU
		{C445BD96-64A5-49A7-8AA9-FB062713BB85}.Release|x86.Build.0 = Release|Any CPU
	EndGlobalSection
	GlobalSection(SolutionProperties) = preSolution
		HideSolutionNode = FALSE
	EndGlobalSection
	GlobalSection(NestedProjects) = preSolution
		{F04757E8-BC2E-475D-8408-2573A13D8341} = {325E8E37-E593-47C0-8FB0-0A416AB7EFFD}
		{821B8663-7623-4042-B477-6E0AEE12984D} = {325E8E37-E593-47C0-8FB0-0A416AB7EFFD}
		{DA1A4DE7-69B2-4DD0-BE46-FF2899063205} = {325E8E37-E593-47C0-8FB0-0A416AB7EFFD}
		{CFFC8EDB-1371-4C3A-B0E3-58E1D4C51171} = {325E8E37-E593-47C0-8FB0-0A416AB7EFFD}
		{5FA71207-F66A-4B18-8A0B-DA54D0C94330} = {325E8E37-E593-47C0-8FB0-0A416AB7EFFD}
		{E5F0A69A-07AE-4697-9E5B-282B525918E4} = {325E8E37-E593-47C0-8FB0-0A416AB7EFFD}
		{B155C3E1-44AB-484A-B751-11C60032D92B} = {325E8E37-E593-47C0-8FB0-0A416AB7EFFD}
		{4869BC36-4A15-467C-A47A-7B564D0923D2} = {325E8E37-E593-47C0-8FB0-0A416AB7EFFD}
		{5FD26D5A-48F3-42FD-B9AD-0C8EDF5248A9} = {B8872956-1C4D-4889-8FCA-66998A1254FA}
		{363E2258-899C-4409-BADB-739C67928B14} = {325E8E37-E593-47C0-8FB0-0A416AB7EFFD}
		{885FA35A-A3A4-4790-8BB0-2197E7996013} = {325E8E37-E593-47C0-8FB0-0A416AB7EFFD}
		{B7EDC960-2FF1-4AFD-8C7A-0C632A0ADBE4} = {B8872956-1C4D-4889-8FCA-66998A1254FA}
		{838B8E92-5FF3-4420-9E17-1B0AC63353C4} = {325E8E37-E593-47C0-8FB0-0A416AB7EFFD}
		{E04064BE-EDE2-4741-8635-FFF4B82D7A5C} = {325E8E37-E593-47C0-8FB0-0A416AB7EFFD}
		{2E98D7DE-D91E-496D-A900-8A55BB292662} = {325E8E37-E593-47C0-8FB0-0A416AB7EFFD}
		{01E66147-F600-448C-A13A-55263E026ED4} = {325E8E37-E593-47C0-8FB0-0A416AB7EFFD}
		{690997BC-E20F-4C3C-94BA-EA41FD533309} = {325E8E37-E593-47C0-8FB0-0A416AB7EFFD}
		{0717C3A9-32F2-4849-BBD4-F509A583DBAE} = {325E8E37-E593-47C0-8FB0-0A416AB7EFFD}
		{D2EADA36-BC9E-46E7-9203-7F54F95D8781} = {325E8E37-E593-47C0-8FB0-0A416AB7EFFD}
		{01C3645F-23AE-451C-83FD-DE6359442FDC} = {325E8E37-E593-47C0-8FB0-0A416AB7EFFD}
		{5796FC77-34B7-43FB-A6BB-85D42095D4B1} = {325E8E37-E593-47C0-8FB0-0A416AB7EFFD}
		{93C21C01-8F90-470D-B9E3-5CE136EE03F8} = {325E8E37-E593-47C0-8FB0-0A416AB7EFFD}
		{180383EC-4CDE-447A-9BB2-D82499001CB5} = {B8872956-1C4D-4889-8FCA-66998A1254FA}
		{38125181-7041-41F9-A849-702B392D83F5} = {96AC28BB-0331-436F-B13C-BD8D0B359BD4}
		{03CDFBCC-BF37-443D-ABFF-28FD81B82FF3} = {96AC28BB-0331-436F-B13C-BD8D0B359BD4}
		{FBD378C8-D1BA-4164-BA92-C10A410DB7A6} = {96AC28BB-0331-436F-B13C-BD8D0B359BD4}
		{223CA5C9-5E78-4D4F-9526-7D3DB42D9F5F} = {96AC28BB-0331-436F-B13C-BD8D0B359BD4}
		{6BDFF20E-128B-45BE-BD63-847FBB53F7AE} = {96AC28BB-0331-436F-B13C-BD8D0B359BD4}
		{87CF4276-426F-4CD4-9677-78F8D5149CFB} = {96AC28BB-0331-436F-B13C-BD8D0B359BD4}
		{2586938E-7773-4B01-8CD8-E81FEDB86AAF} = {96AC28BB-0331-436F-B13C-BD8D0B359BD4}
		{172FD569-24F2-4F9B-B8EA-95789F36D8AB} = {96AC28BB-0331-436F-B13C-BD8D0B359BD4}
		{00E48516-965D-4E4B-9A77-BA0D41277F21} = {96AC28BB-0331-436F-B13C-BD8D0B359BD4}
		{36C63719-EBB7-4D02-8221-CF90397C0095} = {96AC28BB-0331-436F-B13C-BD8D0B359BD4}
		{71701636-7807-4838-8F94-CD1D7232E09C} = {96AC28BB-0331-436F-B13C-BD8D0B359BD4}
		{24F6CD3F-F7C9-449D-88CC-B83E8ECD97D9} = {325E8E37-E593-47C0-8FB0-0A416AB7EFFD}
		{114945EB-C8B1-4B1A-9249-F0750545BA3E} = {96AC28BB-0331-436F-B13C-BD8D0B359BD4}
		{EBBB8EC6-CD2D-4B37-847E-E52993319A6D} = {43C32899-DA0C-45A9-BB50-5CE682425166}
		{D594DB24-697B-4DA5-B6DB-B2F0BDDF4473} = {43C32899-DA0C-45A9-BB50-5CE682425166}
		{BB0DD9D9-C910-440E-8E5F-9E7D0947E6FE} = {43C32899-DA0C-45A9-BB50-5CE682425166}
		{61BC0E7C-818F-448D-A6E3-BA7D533F9035} = {43C32899-DA0C-45A9-BB50-5CE682425166}
		{325E8E37-E593-47C0-8FB0-0A416AB7EFFD} = {5E6C5EEF-2810-4D7F-8E25-4D0A8CDE3985}
		{96AC28BB-0331-436F-B13C-BD8D0B359BD4} = {5E6C5EEF-2810-4D7F-8E25-4D0A8CDE3985}
		{7942F2C7-F592-4CF6-9F7B-D60808AAF7A0} = {773C86F0-7AA2-48A4-B073-A3CD9F0F51D2}
		{5A8EAACF-D978-4369-BE39-8D96E5E1E797} = {773C86F0-7AA2-48A4-B073-A3CD9F0F51D2}
		{06E5E1B2-C25F-40DA-B089-2D977A864D97} = {773C86F0-7AA2-48A4-B073-A3CD9F0F51D2}
		{C445BD96-64A5-49A7-8AA9-FB062713BB85} = {773C86F0-7AA2-48A4-B073-A3CD9F0F51D2}
		{B8872956-1C4D-4889-8FCA-66998A1254FA} = {325E8E37-E593-47C0-8FB0-0A416AB7EFFD}
	EndGlobalSection
	GlobalSection(ExtensibilityGlobals) = postSolution
		SolutionGuid = {B81A178E-EEBF-4D5A-A4A8-30BD6BB6BFFC}
	EndGlobalSection
EndGlobal
