<?xml version="1.0" encoding="utf-8"?>
<Project ToolsVersion="4.0" xmlns="http://schemas.microsoft.com/developer/msbuild/2003">
  <ItemGroup>
    <Filter Include="Source Files">
      <UniqueIdentifier>{4FC737F1-C7A5-4376-A066-2A32D752A2FF}</UniqueIdentifier>
      <Extensions>cpp;c;cc;cxx;def;odl;idl;hpj;bat;asm;asmx</Extensions>
    </Filter>
    <Filter Include="Header Files">
      <UniqueIdentifier>{93995380-89BD-4b04-88EB-625FBE52EBFB}</UniqueIdentifier>
      <Extensions>h;hpp;hxx;hm;inl;inc;xsd</Extensions>
    </Filter>
    <Filter Include="Resource Files">
      <UniqueIdentifier>{67DA6AB6-F800-4c08-8B7A-83BB121AAD01}</UniqueIdentifier>
      <Extensions>rc;ico;cur;bmp;dlg;rc2;rct;bin;rgs;gif;jpg;jpeg;jpe;resx;tiff;tif;png;wav</Extensions>
    </Filter>
  </ItemGroup>
  <ItemGroup>
    <ClCompile Include="..\..\navoperif\auto_neps.cpp">
      <Filter>Source Files</Filter>
    </ClCompile>
    <ClCompile Include="..\..\navoinstall\collect.cpp">
      <Filter>Source Files</Filter>
    </ClCompile>
    <ClCompile Include="..\..\navoperif\ComAutoObject.cpp">
      <Filter>Source Files</Filter>
    </ClCompile>
    <ClCompile Include="..\..\precursor\commonproc.cpp">
      <Filter>Source Files</Filter>
    </ClCompile>
    <ClCompile Include="..\..\navoperif\core_neps.cpp">
      <Filter>Source Files</Filter>
    </ClCompile>
    <ClCompile Include="..\..\navoinstall\Dde.cpp">
      <Filter>Source Files</Filter>
    </ClCompile>
    <ClCompile Include="..\..\navoinstall\Ddeclnt.cpp">
      <Filter>Source Files</Filter>
    </ClCompile>
    <ClCompile Include="..\..\navoperif\guids.cpp">
      <Filter>Source Files</Filter>
    </ClCompile>
    <ClCompile Include="..\..\navoinstall\guids.cpp">
      <Filter>Source Files</Filter>
    </ClCompile>
    <ClCompile Include="..\..\navoinet\guids.cpp">
      <Filter>Source Files</Filter>
    </ClCompile>
    <ClCompile Include="..\..\navoinstall\InstallSession.cpp">
      <Filter>Source Files</Filter>
    </ClCompile>
    <ClCompile Include="..\..\navoinstall\LoginAsUserDlg.cpp">
      <Filter>Source Files</Filter>
    </ClCompile>
    <ClCompile Include="..\..\navoinstall\navoinstall.cpp">
      <Filter>Source Files</Filter>
    </ClCompile>
    <ClCompile Include="..\..\navoperif\navoperif.cpp">
      <Filter>Source Files</Filter>
    </ClCompile>
    <ClCompile Include="..\..\navoinstall\odbcinstall.cpp">
      <Filter>Source Files</Filter>
    </ClCompile>
    <ClCompile Include="..\..\navoinstall\Path.cpp">
      <Filter>Source Files</Filter>
    </ClCompile>
    <ClCompile Include="..\..\navoinstall\Pmclnt.cpp">
      <Filter>Source Files</Filter>
    </ClCompile>
    <ClCompile Include="..\..\navoinstall\Registry.cpp">
      <Filter>Source Files</Filter>
    </ClCompile>
    <ClCompile Include="..\..\navoinstall\shllclnt.cpp">
      <Filter>Source Files</Filter>
    </ClCompile>
    <ClCompile Include="..\..\navoperif\StdAfx.cpp">
      <Filter>Source Files</Filter>
    </ClCompile>
    <ClCompile Include="..\..\navoinstall\Version.cpp">
      <Filter>Source Files</Filter>
    </ClCompile>
    <ClCompile Include="..\..\navoinstall\securityhelper.cpp">
      <Filter>Source Files</Filter>
    </ClCompile>
  </ItemGroup>
  <ItemGroup>
    <None Include="navoperif.def">
      <Filter>Source Files</Filter>
    </None>
    <None Include="..\..\navoperif\res\navoperif.rc2">
      <Filter>Resource Files</Filter>
    </None>
  </ItemGroup>
  <ItemGroup>
    <ResourceCompile Include="..\..\navoperif\navoperif.rc">
      <Filter>Source Files</Filter>
    </ResourceCompile>
  </ItemGroup>
  <ItemGroup>
    <ClInclude Include="..\..\navoperif\auto_neps.h">
      <Filter>Header Files</Filter>
    </ClInclude>
    <ClInclude Include="..\..\navoinstall\collect.h">
      <Filter>Header Files</Filter>
    </ClInclude>
    <ClInclude Include="..\..\navoperif\ComAutoObject.h">
      <Filter>Header Files</Filter>
    </ClInclude>
    <ClInclude Include="..\..\navoperif\core_neps.h">
      <Filter>Header Files</Filter>
    </ClInclude>
    <ClInclude Include="..\..\navoinstall\dde.h">
      <Filter>Header Files</Filter>
    </ClInclude>
    <ClInclude Include="..\..\navoinstall\ddeclnt.h">
      <Filter>Header Files</Filter>
    </ClInclude>
    <ClInclude Include="..\..\navoinstall\InstallSession.h">
      <Filter>Header Files</Filter>
    </ClInclude>
    <ClInclude Include="..\..\navoinstall\LoginAsUserDlg.h">
      <Filter>Header Files</Filter>
    </ClInclude>
    <ClInclude Include="..\..\navoinet\mimedecoder.h">
      <Filter>Header Files</Filter>
    </ClInclude>
    <ClInclude Include="..\..\navoinstall\navo_security.h">
      <Filter>Header Files</Filter>
    </ClInclude>
    <ClInclude Include="..\..\navoinstall\navoinstall.h">
      <Filter>Header Files</Filter>
    </ClInclude>
    <ClInclude Include="..\..\navoperif\navoperif.h">
      <Filter>Header Files</Filter>
    </ClInclude>
    <ClInclude Include="..\..\navoinstall\odbcinstall.h">
      <Filter>Header Files</Filter>
    </ClInclude>
    <ClInclude Include="..\..\navoinstall\PATH.H">
      <Filter>Header Files</Filter>
    </ClInclude>
    <ClInclude Include="..\..\navoinstall\pmclnt.h">
      <Filter>Header Files</Filter>
    </ClInclude>
    <ClInclude Include="..\..\navoinstall\REGISTRY.H">
      <Filter>Header Files</Filter>
    </ClInclude>
    <ClInclude Include="..\..\navoinstall\resource.h">
      <Filter>Header Files</Filter>
    </ClInclude>
    <ClInclude Include="..\..\navoperif\resource.h">
      <Filter>Header Files</Filter>
    </ClInclude>
    <ClInclude Include="..\..\navoinet\resource.h">
      <Filter>Header Files</Filter>
    </ClInclude>
    <ClInclude Include="..\..\navoinstall\shllclnt.h">
      <Filter>Header Files</Filter>
    </ClInclude>
    <ClInclude Include="..\..\navoperif\StdAfx.h">
      <Filter>Header Files</Filter>
    </ClInclude>
    <ClInclude Include="..\..\navoinstall\STDPRTBL.H">
      <Filter>Header Files</Filter>
    </ClInclude>
    <ClInclude Include="..\..\navoperif\tapi_support.h">
      <Filter>Header Files</Filter>
    </ClInclude>
    <ClInclude Include="..\..\navoinstall\validatesqlinstance.h">
      <Filter>Header Files</Filter>
    </ClInclude>
    <ClInclude Include="..\..\navoinstall\VERSION.H">
      <Filter>Header Files</Filter>
    </ClInclude>
  </ItemGroup>
</Project>