Microsoft Visual Studio Solution File, Format Version 12.00
# Visual Studio 15
VisualStudioVersion = 15.0.28307.136
MinimumVisualStudioVersion = 10.0.40219.1
Project("{8BC9CEB8-8B4A-11D0-8D11-00A0C91BC942}") = "sprzedaz", "sprzedaz.vcxproj", "{EC565B3E-0EC3-43E6-B757-DBF05839813E}"
EndProject
Global
	GlobalSection(SolutionConfigurationPlatforms) = preSolution
		Debug|Win32 = Debug|Win32
		Release|Win32 = Release|Win32
	EndGlobalSection
	GlobalSection(ProjectConfigurationPlatforms) = postSolution
		{EC565B3E-0EC3-43E6-B757-DBF05839813E}.Debug|Win32.ActiveCfg = Debug|Win32
		{EC565B3E-0EC3-43E6-B757-DBF05839813E}.Release|Win32.ActiveCfg = Release|Win32
	EndGlobalSection
	GlobalSection(SolutionProperties) = preSolution
		HideSolutionNode = FALSE
	EndGlobalSection
	GlobalSection(ExtensibilityGlobals) = postSolution
		SolutionGuid = {661DEF2B-9818-4154-A43A-6D013DC48250}
	EndGlobalSection
EndGlobal
