
Microsoft Visual Studio Solution File, Format Version 12.00
# Visual Studio Version 17
VisualStudioVersion = 17.3.32929.385
MinimumVisualStudioVersion = 10.0.40219.1
Project("{2150E333-8FDC-42A3-9474-1A3956D46DE8}") = "Solution Items", "Solution Items", "{98FCD0C5-6640-4690-B2C1-4BF5159C15B6}"
	ProjectSection(SolutionItems) = preProject
		cocoon_for_db12.sql = cocoon_for_db12.sql
		nuget.package\navo.cocoon.nuspec = nuget.package\navo.cocoon.nuspec
		todo.txt = todo.txt
	EndProjectSection
EndProject
Project("{E24C65DC-7377-472B-9ABA-BC803B73C61A}") = "test.navo.cocoon.webapi", "test.navo.cocoon.webapi\", "{A7E900EE-D8A9-46EB-BAD8-BD539D75E163}"
	ProjectSection(WebsiteProperties) = preProject
		TargetFrameworkMoniker = ".NETFramework,Version%3Dv4.8"
		Debug.AspNetCompiler.VirtualPath = "/localhost_64095"
		Debug.AspNetCompiler.PhysicalPath = "test.navo.cocoon.webapi\"
		Debug.AspNetCompiler.TargetPath = "PrecompiledWeb\localhost_64095\"
		Debug.AspNetCompiler.Updateable = "true"
		Debug.AspNetCompiler.ForceOverwrite = "true"
		Debug.AspNetCompiler.FixedNames = "false"
		Debug.AspNetCompiler.Debug = "True"
		Release.AspNetCompiler.VirtualPath = "/localhost_64095"
		Release.AspNetCompiler.PhysicalPath = "test.navo.cocoon.webapi\"
		Release.AspNetCompiler.TargetPath = "PrecompiledWeb\localhost_64095\"
		Release.AspNetCompiler.Updateable = "true"
		Release.AspNetCompiler.ForceOverwrite = "true"
		Release.AspNetCompiler.FixedNames = "false"
		Release.AspNetCompiler.Debug = "False"
		VWDPort = "64095"
	EndProjectSection
EndProject
Project("{9A19103F-16F7-4668-BE54-9A1E7A4F7556}") = "navo.cocoon", "navo.cocoon\navo.cocoon.csproj", "{DF7CCD7E-E807-4B21-A853-C2E7E2CADB8D}"
EndProject
Project("{9A19103F-16F7-4668-BE54-9A1E7A4F7556}") = "navo.cocoon.data", "navo.cocoon.data\navo.cocoon.data.csproj", "{E2BBA466-08C4-435C-8ECD-3FEAACF83248}"
EndProject
Project("{778DAE3C-4631-46EA-AA77-85C1314464D9}") = "navo.cocoon.ebwrap", "navo.cocoon.ebwrap\navo.cocoon.ebwrap.vbproj", "{D6A8B246-3A9F-4846-98F0-3B01D0BF0BAF}"
EndProject
Project("{9A19103F-16F7-4668-BE54-9A1E7A4F7556}") = "navo.cocoon.features", "navo.cocoon.features\navo.cocoon.features.csproj", "{3986F0A8-0BF9-4F5D-A713-05F37A69872F}"
EndProject
Project("{FAE04EC0-301F-11D3-BF4B-00C04F79EFBC}") = "test.navo.cocoon", "test.navo.cocoon\test.navo.cocoon.csproj", "{3C950D6F-52FD-4DEE-9FFA-EFCE79A2D428}"
EndProject
Project("{FAE04EC0-301F-11D3-BF4B-00C04F79EFBC}") = "navo.cocoon.store", "navo.cocoon.store\navo.cocoon.store.csproj", "{63B0D397-9DE4-4FAE-8B26-EFAF24767BCF}"
EndProject
Project("{FAE04EC0-301F-11D3-BF4B-00C04F79EFBC}") = "navo.cocoon.webhost", "navo.cocoon.webhost\navo.cocoon.webhost.csproj", "{5D297E42-E19D-4284-8F1E-36CFA45B4F32}"
EndProject
Project("{FAE04EC0-301F-11D3-BF4B-00C04F79EFBC}") = "navo.cocoon.webapi", "navo.cocoon.webapi\navo.cocoon.webapi.csproj", "{7874F7B5-1CB8-43CE-AE64-431A41737A0C}"
EndProject
Project("{2150E333-8FDC-42A3-9474-1A3956D46DE8}") = "shelved_code", "shelved_code", "{D40D74D6-342D-46E8-95F2-7465A4556430}"
EndProject
Project("{9A19103F-16F7-4668-BE54-9A1E7A4F7556}") = "nxm.system.core", "..\..\nxm.3\code\system\nxm.system.core\nxm.system.core.csproj", "{E18C8B45-726A-4F98-980A-DE30DB32A23E}"
EndProject
Global
	GlobalSection(SolutionConfigurationPlatforms) = preSolution
		Debug|Any CPU = Debug|Any CPU
		Release|Any CPU = Release|Any CPU
	EndGlobalSection
	GlobalSection(ProjectConfigurationPlatforms) = postSolution
		{A7E900EE-D8A9-46EB-BAD8-BD539D75E163}.Debug|Any CPU.ActiveCfg = Debug|Any CPU
		{A7E900EE-D8A9-46EB-BAD8-BD539D75E163}.Debug|Any CPU.Build.0 = Debug|Any CPU
		{A7E900EE-D8A9-46EB-BAD8-BD539D75E163}.Release|Any CPU.ActiveCfg = Debug|Any CPU
		{A7E900EE-D8A9-46EB-BAD8-BD539D75E163}.Release|Any CPU.Build.0 = Debug|Any CPU
		{DF7CCD7E-E807-4B21-A853-C2E7E2CADB8D}.Debug|Any CPU.ActiveCfg = Debug|Any CPU
		{DF7CCD7E-E807-4B21-A853-C2E7E2CADB8D}.Debug|Any CPU.Build.0 = Debug|Any CPU
		{DF7CCD7E-E807-4B21-A853-C2E7E2CADB8D}.Release|Any CPU.ActiveCfg = Release|Any CPU
		{DF7CCD7E-E807-4B21-A853-C2E7E2CADB8D}.Release|Any CPU.Build.0 = Release|Any CPU
		{E2BBA466-08C4-435C-8ECD-3FEAACF83248}.Debug|Any CPU.ActiveCfg = Debug|Any CPU
		{E2BBA466-08C4-435C-8ECD-3FEAACF83248}.Debug|Any CPU.Build.0 = Debug|Any CPU
		{E2BBA466-08C4-435C-8ECD-3FEAACF83248}.Release|Any CPU.ActiveCfg = Release|Any CPU
		{E2BBA466-08C4-435C-8ECD-3FEAACF83248}.Release|Any CPU.Build.0 = Release|Any CPU
		{D6A8B246-3A9F-4846-98F0-3B01D0BF0BAF}.Debug|Any CPU.ActiveCfg = Debug|Any CPU
		{D6A8B246-3A9F-4846-98F0-3B01D0BF0BAF}.Debug|Any CPU.Build.0 = Debug|Any CPU
		{D6A8B246-3A9F-4846-98F0-3B01D0BF0BAF}.Release|Any CPU.ActiveCfg = Release|Any CPU
		{D6A8B246-3A9F-4846-98F0-3B01D0BF0BAF}.Release|Any CPU.Build.0 = Release|Any CPU
		{3986F0A8-0BF9-4F5D-A713-05F37A69872F}.Debug|Any CPU.ActiveCfg = Debug|Any CPU
		{3986F0A8-0BF9-4F5D-A713-05F37A69872F}.Debug|Any CPU.Build.0 = Debug|Any CPU
		{3986F0A8-0BF9-4F5D-A713-05F37A69872F}.Release|Any CPU.ActiveCfg = Release|Any CPU
		{3986F0A8-0BF9-4F5D-A713-05F37A69872F}.Release|Any CPU.Build.0 = Release|Any CPU
		{3C950D6F-52FD-4DEE-9FFA-EFCE79A2D428}.Debug|Any CPU.ActiveCfg = Debug|Any CPU
		{3C950D6F-52FD-4DEE-9FFA-EFCE79A2D428}.Debug|Any CPU.Build.0 = Debug|Any CPU
		{3C950D6F-52FD-4DEE-9FFA-EFCE79A2D428}.Release|Any CPU.ActiveCfg = Release|Any CPU
		{3C950D6F-52FD-4DEE-9FFA-EFCE79A2D428}.Release|Any CPU.Build.0 = Release|Any CPU
		{63B0D397-9DE4-4FAE-8B26-EFAF24767BCF}.Debug|Any CPU.ActiveCfg = Debug|Any CPU
		{63B0D397-9DE4-4FAE-8B26-EFAF24767BCF}.Debug|Any CPU.Build.0 = Debug|Any CPU
		{63B0D397-9DE4-4FAE-8B26-EFAF24767BCF}.Release|Any CPU.ActiveCfg = Release|Any CPU
		{63B0D397-9DE4-4FAE-8B26-EFAF24767BCF}.Release|Any CPU.Build.0 = Release|Any CPU
		{5D297E42-E19D-4284-8F1E-36CFA45B4F32}.Debug|Any CPU.ActiveCfg = Debug|Any CPU
		{5D297E42-E19D-4284-8F1E-36CFA45B4F32}.Debug|Any CPU.Build.0 = Debug|Any CPU
		{5D297E42-E19D-4284-8F1E-36CFA45B4F32}.Release|Any CPU.ActiveCfg = Release|Any CPU
		{5D297E42-E19D-4284-8F1E-36CFA45B4F32}.Release|Any CPU.Build.0 = Release|Any CPU
		{7874F7B5-1CB8-43CE-AE64-431A41737A0C}.Debug|Any CPU.ActiveCfg = Debug|Any CPU
		{7874F7B5-1CB8-43CE-AE64-431A41737A0C}.Debug|Any CPU.Build.0 = Debug|Any CPU
		{7874F7B5-1CB8-43CE-AE64-431A41737A0C}.Release|Any CPU.ActiveCfg = Release|Any CPU
		{7874F7B5-1CB8-43CE-AE64-431A41737A0C}.Release|Any CPU.Build.0 = Release|Any CPU
		{E18C8B45-726A-4F98-980A-DE30DB32A23E}.Debug|Any CPU.ActiveCfg = Debug|Any CPU
		{E18C8B45-726A-4F98-980A-DE30DB32A23E}.Debug|Any CPU.Build.0 = Debug|Any CPU
		{E18C8B45-726A-4F98-980A-DE30DB32A23E}.Release|Any CPU.ActiveCfg = Release|Any CPU
		{E18C8B45-726A-4F98-980A-DE30DB32A23E}.Release|Any CPU.Build.0 = Release|Any CPU
	EndGlobalSection
	GlobalSection(SolutionProperties) = preSolution
		HideSolutionNode = FALSE
	EndGlobalSection
	GlobalSection(NestedProjects) = preSolution
		{A7E900EE-D8A9-46EB-BAD8-BD539D75E163} = {D40D74D6-342D-46E8-95F2-7465A4556430}
		{3C950D6F-52FD-4DEE-9FFA-EFCE79A2D428} = {D40D74D6-342D-46E8-95F2-7465A4556430}
		{63B0D397-9DE4-4FAE-8B26-EFAF24767BCF} = {D40D74D6-342D-46E8-95F2-7465A4556430}
		{5D297E42-E19D-4284-8F1E-36CFA45B4F32} = {D40D74D6-342D-46E8-95F2-7465A4556430}
		{7874F7B5-1CB8-43CE-AE64-431A41737A0C} = {D40D74D6-342D-46E8-95F2-7465A4556430}
	EndGlobalSection
	GlobalSection(ExtensibilityGlobals) = postSolution
		SolutionGuid = {9D08451C-CB0C-43E5-9046-2A53CFA1297E}
	EndGlobalSection
	GlobalSection(SubversionScc) = preSolution
		Svn-Managed = True
		Manager = AnkhSVN - Subversion Support for Visual Studio
	EndGlobalSection
EndGlobal
