<?xml version="1.0" encoding="utf-8"?>
<Project ToolsVersion="4.0" xmlns="http://schemas.microsoft.com/developer/msbuild/2003">
  <ItemGroup>
    <Filter Include="Source Files">
      <UniqueIdentifier>{4FC737F1-C7A5-4376-A066-2A32D752A2FF}</UniqueIdentifier>
      <Extensions>cpp;c;cc;cxx;def;odl;idl;hpj;bat;asm;asmx</Extensions>
    </Filter>
    <Filter Include="Header Files">
      <UniqueIdentifier>{93995380-89BD-4b04-88EB-625FBE52EBFB}</UniqueIdentifier>
      <Extensions>h;hpp;hxx;hm;inl;inc;xsd</Extensions>
    </Filter>
    <Filter Include="Resource Files">
      <UniqueIdentifier>{67DA6AB6-F800-4c08-8B7A-83BB121AAD01}</UniqueIdentifier>
      <Extensions>rc;ico;cur;bmp;dlg;rc2;rct;bin;rgs;gif;jpg;jpeg;jpe;resx;tiff;tif;png;wav</Extensions>
    </Filter>
  </ItemGroup>
  <ItemGroup>
    <ClCompile Include="..\..\navogmsvr\fake_stupid_vs.cpp">
      <Filter>Source Files</Filter>
    </ClCompile>
    <ClCompile Include="..\..\navogmsvr\guids.cpp">
      <Filter>Source Files</Filter>
    </ClCompile>
    <ClCompile Include="..\..\navogmsvr\mem_db.cpp">
      <Filter>Source Files</Filter>
    </ClCompile>
    <ClCompile Include="..\..\navogmsvr\n5gmop.cpp">
      <Filter>Source Files</Filter>
    </ClCompile>
    <ClCompile Include="..\..\navogmsvr\n5gmopset.cpp">
      <Filter>Source Files</Filter>
    </ClCompile>
    <ClCompile Include="..\..\navogmsvr\n5gmserverobject.cpp">
      <Filter>Source Files</Filter>
    </ClCompile>
    <ClCompile Include="..\..\navogmsvr\n5gmstan.cpp">
      <Filter>Source Files</Filter>
    </ClCompile>
    <ClCompile Include="..\..\navogmsvr\navogmsvr.cpp">
      <Filter>Source Files</Filter>
    </ClCompile>
    <ClCompile Include="..\..\navogmsvr\StdAfx.cpp">
      <Filter>Source Files</Filter>
    </ClCompile>
  </ItemGroup>
  <ItemGroup>
    <None Include="navogmsvr.def">
      <Filter>Source Files</Filter>
    </None>
    <None Include="..\..\navogmsvr\res\navogmsvr.rc2">
      <Filter>Resource Files</Filter>
    </None>
  </ItemGroup>
  <ItemGroup>
    <ResourceCompile Include="..\..\navogmsvr\navogmsvr.rc">
      <Filter>Source Files</Filter>
    </ResourceCompile>
  </ItemGroup>
  <ItemGroup>
    <ClInclude Include="..\..\navogmsvr\EngineIncl.h">
      <Filter>Header Files</Filter>
    </ClInclude>
    <ClInclude Include="..\..\navogmsvr\mem_db.h">
      <Filter>Header Files</Filter>
    </ClInclude>
    <ClInclude Include="..\..\navogmsvr\n5gmop.h">
      <Filter>Header Files</Filter>
    </ClInclude>
    <ClInclude Include="..\..\navogmsvr\n5gmopset.h">
      <Filter>Header Files</Filter>
    </ClInclude>
    <ClInclude Include="..\..\navogmsvr\n5gmserverobject.h">
      <Filter>Header Files</Filter>
    </ClInclude>
    <ClInclude Include="..\..\navogmsvr\n5gmstan.h">
      <Filter>Header Files</Filter>
    </ClInclude>
    <ClInclude Include="..\..\navogmsvr\navogmsvr.h">
      <Filter>Header Files</Filter>
    </ClInclude>
    <ClInclude Include="..\..\navogmsvr\resource.h">
      <Filter>Header Files</Filter>
    </ClInclude>
    <ClInclude Include="..\..\navogmsvr\StdAfx.h">
      <Filter>Header Files</Filter>
    </ClInclude>
    <ClInclude Include="..\..\navogmsvr\types_consts_gm.h">
      <Filter>Header Files</Filter>
    </ClInclude>
  </ItemGroup>
</Project>